// !$*UTF8*$!
{
	archiveVersion = 1;
	classes = {
	};
	objectVersion = 63;
	objects = {

/* Begin PBXBuildFile section */
		CE2E2ACC2D6786720006B305 /* Assets.xcassets in Resources */ = {isa = PBXBuildFile; fileRef = CE2E2AC32D6786720006B305 /* Assets.xcassets */; };
		CE2E2ACE2D6786720006B305 /* LaunchScreen.storyboard in Resources */ = {isa = PBXBuildFile; fileRef = CE2E2AC62D6786720006B305 /* LaunchScreen.storyboard */; };
		CE2E2ACF2D6786720006B305 /* AppDelegate.swift in Sources */ = {isa = PBXBuildFile; fileRef = CE2E2AC22D6786720006B305 /* AppDelegate.swift */; };
		CE2E2AD02D6786720006B305 /* SceneDelegate.swift in Sources */ = {isa = PBXBuildFile; fileRef = CE2E2AC72D6786720006B305 /* SceneDelegate.swift */; };
		CE2E2AD12D6786720006B305 /* TasksList.xcdatamodeld in Sources */ = {isa = PBXBuildFile; fileRef = CE2E2AC82D6786720006B305 /* TasksList.xcdatamodeld */; };
		CE2E2AD22D6786720006B305 /* TaskListViewController.swift in Sources */ = {isa = PBXBuildFile; fileRef = CE2E2AC92D6786720006B305 /* TaskListViewController.swift */; };
		CE2E2ADD2D6789E40006B305 /* NetworkManager.swift in Sources */ = {isa = PBXBuildFile; fileRef = CE2E2ADC2D6789E40006B305 /* NetworkManager.swift */; };
		CE2E2ADF2D6789F50006B305 /* StorageManager.swift in Sources */ = {isa = PBXBuildFile; fileRef = CE2E2ADE2D6789F00006B305 /* StorageManager.swift */; };
		CE2E2AE72D678BB00006B305 /* Task.swift in Sources */ = {isa = PBXBuildFile; fileRef = CE2E2AE62D678B980006B305 /* Task.swift */; };
		CE2E2B012D6796240006B305 /* APITasks.swift in Sources */ = {isa = PBXBuildFile; fileRef = CE2E2B002D67960B0006B305 /* APITasks.swift */; };
		CE2E2B032D67A96E0006B305 /* TaskListInteractor.swift in Sources */ = {isa = PBXBuildFile; fileRef = CE2E2B022D67A96E0006B305 /* TaskListInteractor.swift */; };
		CE2E2B052D67A9DC0006B305 /* TaskListPresenter.swift in Sources */ = {isa = PBXBuildFile; fileRef = CE2E2B042D67A9DC0006B305 /* TaskListPresenter.swift */; };
		CE2E2B072D67A9EA0006B305 /* TaskListRouter.swift in Sources */ = {isa = PBXBuildFile; fileRef = CE2E2B062D67A9EA0006B305 /* TaskListRouter.swift */; };
		CE2E2B0A2D67BCFB0006B305 /* TaskListsCell.swift in Sources */ = {isa = PBXBuildFile; fileRef = CE2E2B092D67BCFB0006B305 /* TaskListsCell.swift */; };
		CE54491D2D6B4A9C001914C4 /* ToDoListUITestsLaunchTests.swift in Sources */ = {isa = PBXBuildFile; fileRef = CE54491A2D6B4A9C001914C4 /* ToDoListUITestsLaunchTests.swift */; };
		CE5449302D6B52BE001914C4 /* TaskListViewTests.swift in Sources */ = {isa = PBXBuildFile; fileRef = CE5449282D6B5003001914C4 /* TaskListViewTests.swift */; };
		CE5449312D6B52BE001914C4 /* DetailViewTests.swift in Sources */ = {isa = PBXBuildFile; fileRef = CE5449292D6B5029001914C4 /* DetailViewTests.swift */; };
		CE5449332D6B52BE001914C4 /* DetailViewRouterTests.swift in Sources */ = {isa = PBXBuildFile; fileRef = CE54492F2D6B51C0001914C4 /* DetailViewRouterTests.swift */; };
		CE5449342D6B52BE001914C4 /* TaskLIstPresenterTests.swift in Sources */ = {isa = PBXBuildFile; fileRef = CE54492A2D6B5086001914C4 /* TaskLIstPresenterTests.swift */; };
		CE5449352D6B52BE001914C4 /* DetailViewPresenterTests.swift in Sources */ = {isa = PBXBuildFile; fileRef = CE54492B2D6B5099001914C4 /* DetailViewPresenterTests.swift */; };
		CE5449362D6B52BE001914C4 /* TaskLIstInteractorTests.swift in Sources */ = {isa = PBXBuildFile; fileRef = CE54492C2D6B50AA001914C4 /* TaskLIstInteractorTests.swift */; };
		CE5449372D6B52BE001914C4 /* DetailViewInteractorTests.swift in Sources */ = {isa = PBXBuildFile; fileRef = CE54492D2D6B50BF001914C4 /* DetailViewInteractorTests.swift */; };
		CE54493A2D6B6902001914C4 /* TaskListViewUITests.swift in Sources */ = {isa = PBXBuildFile; fileRef = CE5449392D6B68F5001914C4 /* TaskListViewUITests.swift */; };
		CE7C06182D68CA2200B5427A /* DetailViewController.swift in Sources */ = {isa = PBXBuildFile; fileRef = CE7C06172D68CA2200B5427A /* DetailViewController.swift */; };
		CE7C061A2D68CD2800B5427A /* DetailViewInteractor.swift in Sources */ = {isa = PBXBuildFile; fileRef = CE7C06192D68CD0D00B5427A /* DetailViewInteractor.swift */; };
		CE7C061C2D68CD3700B5427A /* DetailViewPresenter.swift in Sources */ = {isa = PBXBuildFile; fileRef = CE7C061B2D68CD3000B5427A /* DetailViewPresenter.swift */; };
		CE7C061E2D68CD4300B5427A /* DetailViewRouter.swift in Sources */ = {isa = PBXBuildFile; fileRef = CE7C061D2D68CD3C00B5427A /* DetailViewRouter.swift */; };
		CE8A61952D6CDCE300077BD8 /* DetailViewUITests.swift in Sources */ = {isa = PBXBuildFile; fileRef = CE54493B2D6B690F001914C4 /* DetailViewUITests.swift */; };
		CE8A61972D6CE25F00077BD8 /* TaskListViewRouterTests.swift in Sources */ = {isa = PBXBuildFile; fileRef = CE54492E2D6B51AA001914C4 /* TaskListViewRouterTests.swift */; };
		CE8A61992D6CE97400077BD8 /* LaunchScreenViewController.swift in Sources */ = {isa = PBXBuildFile; fileRef = CE8A61982D6CE96C00077BD8 /* LaunchScreenViewController.swift */; };
		CE8A619F2D6CE9A600077BD8 /* LaunchScreenPresenter.swift in Sources */ = {isa = PBXBuildFile; fileRef = CE8A619E2D6CE99F00077BD8 /* LaunchScreenPresenter.swift */; };
		CE8A61A12D6CE9B200077BD8 /* LaunchScreenRouter.swift in Sources */ = {isa = PBXBuildFile; fileRef = CE8A61A02D6CE9AC00077BD8 /* LaunchScreenRouter.swift */; };
		CE9B56F22D6A12A200977D93 /* TaskContextPreview.swift in Sources */ = {isa = PBXBuildFile; fileRef = CE9B56F12D6A12A200977D93 /* TaskContextPreview.swift */; };
		CE9B56FB2D6A180D00977D93 /* LabelStyles.swift in Sources */ = {isa = PBXBuildFile; fileRef = CE9B56FA2D6A180300977D93 /* LabelStyles.swift */; };
/* End PBXBuildFile section */

/* Begin PBXContainerItemProxy section */
		CE2E2AA52D6786060006B305 /* PBXContainerItemProxy */ = {
			isa = PBXContainerItemProxy;
			containerPortal = CE2E2A832D6786020006B305 /* Project object */;
			proxyType = 1;
			remoteGlobalIDString = CE2E2A8A2D6786020006B305;
			remoteInfo = ToDoList;
		};
		CE2E2AAF2D6786060006B305 /* PBXContainerItemProxy */ = {
			isa = PBXContainerItemProxy;
			containerPortal = CE2E2A832D6786020006B305 /* Project object */;
			proxyType = 1;
			remoteGlobalIDString = CE2E2A8A2D6786020006B305;
			remoteInfo = ToDoList;
		};
/* End PBXContainerItemProxy section */

/* Begin PBXFileReference section */
		CE2E2A8B2D6786020006B305 /* ToDoList.app */ = {isa = PBXFileReference; explicitFileType = wrapper.application; includeInIndex = 0; path = ToDoList.app; sourceTree = BUILT_PRODUCTS_DIR; };
		CE2E2AA42D6786060006B305 /* ToDoListTests.xctest */ = {isa = PBXFileReference; explicitFileType = wrapper.cfbundle; includeInIndex = 0; path = ToDoListTests.xctest; sourceTree = BUILT_PRODUCTS_DIR; };
		CE2E2AAE2D6786060006B305 /* ToDoListUITests.xctest */ = {isa = PBXFileReference; explicitFileType = wrapper.cfbundle; includeInIndex = 0; path = ToDoListUITests.xctest; sourceTree = BUILT_PRODUCTS_DIR; };
		CE2E2AC22D6786720006B305 /* AppDelegate.swift */ = {isa = PBXFileReference; lastKnownFileType = sourcecode.swift; path = AppDelegate.swift; sourceTree = "<group>"; };
		CE2E2AC32D6786720006B305 /* Assets.xcassets */ = {isa = PBXFileReference; lastKnownFileType = folder.assetcatalog; path = Assets.xcassets; sourceTree = "<group>"; };
		CE2E2AC42D6786720006B305 /* Info.plist */ = {isa = PBXFileReference; lastKnownFileType = text.plist.xml; path = Info.plist; sourceTree = "<group>"; };
		CE2E2AC52D6786720006B305 /* Base */ = {isa = PBXFileReference; lastKnownFileType = file.storyboard; name = Base; path = Base.lproj/LaunchScreen.storyboard; sourceTree = "<group>"; };
		CE2E2AC72D6786720006B305 /* SceneDelegate.swift */ = {isa = PBXFileReference; lastKnownFileType = sourcecode.swift; path = SceneDelegate.swift; sourceTree = "<group>"; };
		CE2E2AC92D6786720006B305 /* TaskListViewController.swift */ = {isa = PBXFileReference; lastKnownFileType = sourcecode.swift; path = TaskListViewController.swift; sourceTree = "<group>"; };
		CE2E2ACB2D6786720006B305 /* TasksList.xcdatamodel */ = {isa = PBXFileReference; lastKnownFileType = wrapper.xcdatamodel; path = TasksList.xcdatamodel; sourceTree = "<group>"; };
		CE2E2ADC2D6789E40006B305 /* NetworkManager.swift */ = {isa = PBXFileReference; lastKnownFileType = sourcecode.swift; path = NetworkManager.swift; sourceTree = "<group>"; };
		CE2E2ADE2D6789F00006B305 /* StorageManager.swift */ = {isa = PBXFileReference; lastKnownFileType = sourcecode.swift; lineEnding = 1; path = StorageManager.swift; sourceTree = "<group>"; usesTabs = 0; wrapsLines = 1; };
		CE2E2AE62D678B980006B305 /* Task.swift */ = {isa = PBXFileReference; lastKnownFileType = sourcecode.swift; path = Task.swift; sourceTree = "<group>"; };
		CE2E2B002D67960B0006B305 /* APITasks.swift */ = {isa = PBXFileReference; lastKnownFileType = sourcecode.swift; path = APITasks.swift; sourceTree = "<group>"; };
		CE2E2B022D67A96E0006B305 /* TaskListInteractor.swift */ = {isa = PBXFileReference; lastKnownFileType = sourcecode.swift; path = TaskListInteractor.swift; sourceTree = "<group>"; };
		CE2E2B042D67A9DC0006B305 /* TaskListPresenter.swift */ = {isa = PBXFileReference; lastKnownFileType = sourcecode.swift; path = TaskListPresenter.swift; sourceTree = "<group>"; };
		CE2E2B062D67A9EA0006B305 /* TaskListRouter.swift */ = {isa = PBXFileReference; lastKnownFileType = sourcecode.swift; path = TaskListRouter.swift; sourceTree = "<group>"; };
		CE2E2B092D67BCFB0006B305 /* TaskListsCell.swift */ = {isa = PBXFileReference; lastKnownFileType = sourcecode.swift; path = TaskListsCell.swift; sourceTree = "<group>"; };
		CE54491A2D6B4A9C001914C4 /* ToDoListUITestsLaunchTests.swift */ = {isa = PBXFileReference; lastKnownFileType = sourcecode.swift; path = ToDoListUITestsLaunchTests.swift; sourceTree = "<group>"; };
		CE5449282D6B5003001914C4 /* TaskListViewTests.swift */ = {isa = PBXFileReference; lastKnownFileType = sourcecode.swift; path = TaskListViewTests.swift; sourceTree = "<group>"; };
		CE5449292D6B5029001914C4 /* DetailViewTests.swift */ = {isa = PBXFileReference; lastKnownFileType = sourcecode.swift; path = DetailViewTests.swift; sourceTree = "<group>"; };
		CE54492A2D6B5086001914C4 /* TaskLIstPresenterTests.swift */ = {isa = PBXFileReference; lastKnownFileType = sourcecode.swift; path = TaskLIstPresenterTests.swift; sourceTree = "<group>"; };
		CE54492B2D6B5099001914C4 /* DetailViewPresenterTests.swift */ = {isa = PBXFileReference; lastKnownFileType = sourcecode.swift; path = DetailViewPresenterTests.swift; sourceTree = "<group>"; };
		CE54492C2D6B50AA001914C4 /* TaskLIstInteractorTests.swift */ = {isa = PBXFileReference; lastKnownFileType = sourcecode.swift; path = TaskLIstInteractorTests.swift; sourceTree = "<group>"; };
		CE54492D2D6B50BF001914C4 /* DetailViewInteractorTests.swift */ = {isa = PBXFileReference; lastKnownFileType = sourcecode.swift; path = DetailViewInteractorTests.swift; sourceTree = "<group>"; };
		CE54492E2D6B51AA001914C4 /* TaskListViewRouterTests.swift */ = {isa = PBXFileReference; lastKnownFileType = sourcecode.swift; path = TaskListViewRouterTests.swift; sourceTree = "<group>"; };
		CE54492F2D6B51C0001914C4 /* DetailViewRouterTests.swift */ = {isa = PBXFileReference; lastKnownFileType = sourcecode.swift; path = DetailViewRouterTests.swift; sourceTree = "<group>"; };
		CE5449392D6B68F5001914C4 /* TaskListViewUITests.swift */ = {isa = PBXFileReference; lastKnownFileType = sourcecode.swift; path = TaskListViewUITests.swift; sourceTree = "<group>"; };
		CE54493B2D6B690F001914C4 /* DetailViewUITests.swift */ = {isa = PBXFileReference; lastKnownFileType = sourcecode.swift; path = DetailViewUITests.swift; sourceTree = "<group>"; };
		CE7C06172D68CA2200B5427A /* DetailViewController.swift */ = {isa = PBXFileReference; lastKnownFileType = sourcecode.swift; path = DetailViewController.swift; sourceTree = "<group>"; };
		CE7C06192D68CD0D00B5427A /* DetailViewInteractor.swift */ = {isa = PBXFileReference; lastKnownFileType = sourcecode.swift; path = DetailViewInteractor.swift; sourceTree = "<group>"; };
		CE7C061B2D68CD3000B5427A /* DetailViewPresenter.swift */ = {isa = PBXFileReference; lastKnownFileType = sourcecode.swift; path = DetailViewPresenter.swift; sourceTree = "<group>"; };
		CE7C061D2D68CD3C00B5427A /* DetailViewRouter.swift */ = {isa = PBXFileReference; lastKnownFileType = sourcecode.swift; path = DetailViewRouter.swift; sourceTree = "<group>"; };
		CE8A61982D6CE96C00077BD8 /* LaunchScreenViewController.swift */ = {isa = PBXFileReference; lastKnownFileType = sourcecode.swift; path = LaunchScreenViewController.swift; sourceTree = "<group>"; };
		CE8A619E2D6CE99F00077BD8 /* LaunchScreenPresenter.swift */ = {isa = PBXFileReference; lastKnownFileType = sourcecode.swift; path = LaunchScreenPresenter.swift; sourceTree = "<group>"; };
		CE8A61A02D6CE9AC00077BD8 /* LaunchScreenRouter.swift */ = {isa = PBXFileReference; lastKnownFileType = sourcecode.swift; path = LaunchScreenRouter.swift; sourceTree = "<group>"; };
		CE9B56F12D6A12A200977D93 /* TaskContextPreview.swift */ = {isa = PBXFileReference; lastKnownFileType = sourcecode.swift; path = TaskContextPreview.swift; sourceTree = "<group>"; };
		CE9B56FA2D6A180300977D93 /* LabelStyles.swift */ = {isa = PBXFileReference; lastKnownFileType = sourcecode.swift; path = LabelStyles.swift; sourceTree = "<group>"; };
/* End PBXFileReference section */

/* Begin PBXFrameworksBuildPhase section */
		CE2E2A882D6786020006B305 /* Frameworks */ = {
			isa = PBXFrameworksBuildPhase;
			buildActionMask = 2147483647;
			files = (
			);
			runOnlyForDeploymentPostprocessing = 0;
		};
		CE2E2AA12D6786060006B305 /* Frameworks */ = {
			isa = PBXFrameworksBuildPhase;
			buildActionMask = 2147483647;
			files = (
			);
			runOnlyForDeploymentPostprocessing = 0;
		};
		CE2E2AAB2D6786060006B305 /* Frameworks */ = {
			isa = PBXFrameworksBuildPhase;
			buildActionMask = 2147483647;
			files = (
			);
			runOnlyForDeploymentPostprocessing = 0;
		};
/* End PBXFrameworksBuildPhase section */

/* Begin PBXGroup section */
		CE2E2A822D6786020006B305 = {
			isa = PBXGroup;
			children = (
				CE2E2ACA2D6786720006B305 /* ToDoList */,
				CE5449172D6B4A9C001914C4 /* ToDoListTests */,
				CE54491B2D6B4A9C001914C4 /* ToDoListUITests */,
				CE2E2A8C2D6786020006B305 /* Products */,
			);
			sourceTree = "<group>";
		};
		CE2E2A8C2D6786020006B305 /* Products */ = {
			isa = PBXGroup;
			children = (
				CE2E2A8B2D6786020006B305 /* ToDoList.app */,
				CE2E2AA42D6786060006B305 /* ToDoListTests.xctest */,
				CE2E2AAE2D6786060006B305 /* ToDoListUITests.xctest */,
			);
			name = Products;
			sourceTree = "<group>";
		};
		CE2E2ACA2D6786720006B305 /* ToDoList */ = {
			isa = PBXGroup;
			children = (
				CE2E2AD32D67869D0006B305 /* App */,
				CE2E2AD92D6788A30006B305 /* Data */,
				CE2E2AE02D678A020006B305 /* Modules */,
				CE9B56F92D6A17F900977D93 /* TextStyles */,
				CE2E2AD42D6787660006B305 /* Resources */,
				CE2E2AD72D67880E0006B305 /* Storyboards */,
			);
			path = ToDoList;
			sourceTree = "<group>";
		};
		CE2E2AD32D67869D0006B305 /* App */ = {
			isa = PBXGroup;
			children = (
				CE2E2AC22D6786720006B305 /* AppDelegate.swift */,
				CE2E2AC72D6786720006B305 /* SceneDelegate.swift */,
				CE2E2AC42D6786720006B305 /* Info.plist */,
			);
			path = App;
			sourceTree = "<group>";
		};
		CE2E2AD42D6787660006B305 /* Resources */ = {
			isa = PBXGroup;
			children = (
				CE2E2AC32D6786720006B305 /* Assets.xcassets */,
			);
			path = Resources;
			sourceTree = "<group>";
		};
		CE2E2AD72D67880E0006B305 /* Storyboards */ = {
			isa = PBXGroup;
			children = (
				CE2E2AC62D6786720006B305 /* LaunchScreen.storyboard */,
			);
			path = Storyboards;
			sourceTree = "<group>";
		};
		CE2E2AD92D6788A30006B305 /* Data */ = {
			isa = PBXGroup;
			children = (
				CE2E2ADB2D67892C0006B305 /* Network */,
				CE2E2ADA2D6789190006B305 /* CoreData */,
			);
			path = Data;
			sourceTree = "<group>";
		};
		CE2E2ADA2D6789190006B305 /* CoreData */ = {
			isa = PBXGroup;
			children = (
				CE2E2ADE2D6789F00006B305 /* StorageManager.swift */,
				CE2E2AC82D6786720006B305 /* TasksList.xcdatamodeld */,
			);
			path = CoreData;
			sourceTree = "<group>";
		};
		CE2E2ADB2D67892C0006B305 /* Network */ = {
			isa = PBXGroup;
			children = (
				CE2E2ADC2D6789E40006B305 /* NetworkManager.swift */,
				CE2E2B002D67960B0006B305 /* APITasks.swift */,
			);
			path = Network;
			sourceTree = "<group>";
		};
		CE2E2AE02D678A020006B305 /* Modules */ = {
			isa = PBXGroup;
			children = (
				CE2E2AE12D678A0A0006B305 /* View */,
				CE2E2AE22D678A1D0006B305 /* Interactor */,
				CE2E2AE32D678A2A0006B305 /* Presenter */,
				CE2E2AE42D678A340006B305 /* Entity */,
				CE2E2AE52D678A3C0006B305 /* Router */,
			);
			path = Modules;
			sourceTree = "<group>";
		};
		CE2E2AE12D678A0A0006B305 /* View */ = {
			isa = PBXGroup;
			children = (
				CE8A61982D6CE96C00077BD8 /* LaunchScreenViewController.swift */,
				CE2E2AC92D6786720006B305 /* TaskListViewController.swift */,
				CE7C06172D68CA2200B5427A /* DetailViewController.swift */,
				CE2E2B082D67BCC80006B305 /* Cell */,
				CE9B56F02D6A127900977D93 /* TaskContextPreview */,
			);
			path = View;
			sourceTree = "<group>";
		};
		CE2E2AE22D678A1D0006B305 /* Interactor */ = {
			isa = PBXGroup;
			children = (
				CE2E2B022D67A96E0006B305 /* TaskListInteractor.swift */,
				CE7C06192D68CD0D00B5427A /* DetailViewInteractor.swift */,
			);
			path = Interactor;
			sourceTree = "<group>";
		};
		CE2E2AE32D678A2A0006B305 /* Presenter */ = {
			isa = PBXGroup;
			children = (
				CE8A619E2D6CE99F00077BD8 /* LaunchScreenPresenter.swift */,
				CE2E2B042D67A9DC0006B305 /* TaskListPresenter.swift */,
				CE7C061B2D68CD3000B5427A /* DetailViewPresenter.swift */,
			);
			path = Presenter;
			sourceTree = "<group>";
		};
		CE2E2AE42D678A340006B305 /* Entity */ = {
			isa = PBXGroup;
			children = (
				CE2E2AE62D678B980006B305 /* Task.swift */,
			);
			path = Entity;
			sourceTree = "<group>";
		};
		CE2E2AE52D678A3C0006B305 /* Router */ = {
			isa = PBXGroup;
			children = (
				CE8A61A02D6CE9AC00077BD8 /* LaunchScreenRouter.swift */,
				CE2E2B062D67A9EA0006B305 /* TaskListRouter.swift */,
				CE7C061D2D68CD3C00B5427A /* DetailViewRouter.swift */,
			);
			path = Router;
			sourceTree = "<group>";
		};
		CE2E2B082D67BCC80006B305 /* Cell */ = {
			isa = PBXGroup;
			children = (
				CE2E2B092D67BCFB0006B305 /* TaskListsCell.swift */,
			);
			path = Cell;
			sourceTree = "<group>";
		};
		CE5449172D6B4A9C001914C4 /* ToDoListTests */ = {
			isa = PBXGroup;
			children = (
				CE5449272D6B4FEB001914C4 /* ViewsTests */,
				CE5449242D6B4F77001914C4 /* InteractorTests */,
				CE5449252D6B4F84001914C4 /* PresenterTests */,
				CE5449262D6B4F98001914C4 /* RouterTests */,
			);
			path = ToDoListTests;
			sourceTree = "<group>";
		};
		CE54491B2D6B4A9C001914C4 /* ToDoListUITests */ = {
			isa = PBXGroup;
			children = (
				CE5449382D6B68CB001914C4 /* ViewUITests */,
				CE54491A2D6B4A9C001914C4 /* ToDoListUITestsLaunchTests.swift */,
			);
			path = ToDoListUITests;
			sourceTree = "<group>";
		};
		CE5449242D6B4F77001914C4 /* InteractorTests */ = {
			isa = PBXGroup;
			children = (
				CE54492C2D6B50AA001914C4 /* TaskLIstInteractorTests.swift */,
				CE54492D2D6B50BF001914C4 /* DetailViewInteractorTests.swift */,
			);
			path = InteractorTests;
			sourceTree = "<group>";
		};
		CE5449252D6B4F84001914C4 /* PresenterTests */ = {
			isa = PBXGroup;
			children = (
				CE54492A2D6B5086001914C4 /* TaskLIstPresenterTests.swift */,
				CE54492B2D6B5099001914C4 /* DetailViewPresenterTests.swift */,
			);
			path = PresenterTests;
			sourceTree = "<group>";
		};
		CE5449262D6B4F98001914C4 /* RouterTests */ = {
			isa = PBXGroup;
			children = (
				CE54492E2D6B51AA001914C4 /* TaskListViewRouterTests.swift */,
				CE54492F2D6B51C0001914C4 /* DetailViewRouterTests.swift */,
			);
			path = RouterTests;
			sourceTree = "<group>";
		};
		CE5449272D6B4FEB001914C4 /* ViewsTests */ = {
			isa = PBXGroup;
			children = (
				CE5449282D6B5003001914C4 /* TaskListViewTests.swift */,
				CE5449292D6B5029001914C4 /* DetailViewTests.swift */,
			);
			path = ViewsTests;
			sourceTree = "<group>";
		};
		CE5449382D6B68CB001914C4 /* ViewUITests */ = {
			isa = PBXGroup;
			children = (
				CE5449392D6B68F5001914C4 /* TaskListViewUITests.swift */,
				CE54493B2D6B690F001914C4 /* DetailViewUITests.swift */,
			);
			path = ViewUITests;
			sourceTree = "<group>";
		};
		CE9B56F02D6A127900977D93 /* TaskContextPreview */ = {
			isa = PBXGroup;
			children = (
				CE9B56F12D6A12A200977D93 /* TaskContextPreview.swift */,
			);
			path = TaskContextPreview;
			sourceTree = "<group>";
		};
		CE9B56F92D6A17F900977D93 /* TextStyles */ = {
			isa = PBXGroup;
			children = (
				CE9B56FA2D6A180300977D93 /* LabelStyles.swift */,
			);
			path = TextStyles;
			sourceTree = "<group>";
		};
/* End PBXGroup section */

/* Begin PBXNativeTarget section */
		CE2E2A8A2D6786020006B305 /* ToDoList */ = {
			isa = PBXNativeTarget;
			buildConfigurationList = CE2E2AB72D6786060006B305 /* Build configuration list for PBXNativeTarget "ToDoList" */;
			buildPhases = (
				CE2E2A872D6786020006B305 /* Sources */,
				CE2E2A882D6786020006B305 /* Frameworks */,
				CE2E2A892D6786020006B305 /* Resources */,
			);
			buildRules = (
			);
			dependencies = (
			);
			name = ToDoList;
			packageProductDependencies = (
			);
			productName = ToDoList;
			productReference = CE2E2A8B2D6786020006B305 /* ToDoList.app */;
			productType = "com.apple.product-type.application";
		};
		CE2E2AA32D6786060006B305 /* ToDoListTests */ = {
			isa = PBXNativeTarget;
			buildConfigurationList = CE2E2ABC2D6786060006B305 /* Build configuration list for PBXNativeTarget "ToDoListTests" */;
			buildPhases = (
				CE2E2AA02D6786060006B305 /* Sources */,
				CE2E2AA12D6786060006B305 /* Frameworks */,
				CE2E2AA22D6786060006B305 /* Resources */,
			);
			buildRules = (
			);
			dependencies = (
				CE2E2AA62D6786060006B305 /* PBXTargetDependency */,
			);
			name = ToDoListTests;
			packageProductDependencies = (
			);
			productName = ToDoListTests;
			productReference = CE2E2AA42D6786060006B305 /* ToDoListTests.xctest */;
			productType = "com.apple.product-type.bundle.unit-test";
		};
		CE2E2AAD2D6786060006B305 /* ToDoListUITests */ = {
			isa = PBXNativeTarget;
			buildConfigurationList = CE2E2ABF2D6786060006B305 /* Build configuration list for PBXNativeTarget "ToDoListUITests" */;
			buildPhases = (
				CE2E2AAA2D6786060006B305 /* Sources */,
				CE2E2AAB2D6786060006B305 /* Frameworks */,
				CE2E2AAC2D6786060006B305 /* Resources */,
			);
			buildRules = (
			);
			dependencies = (
				CE2E2AB02D6786060006B305 /* PBXTargetDependency */,
			);
			name = ToDoListUITests;
			packageProductDependencies = (
			);
			productName = ToDoListUITests;
			productReference = CE2E2AAE2D6786060006B305 /* ToDoListUITests.xctest */;
			productType = "com.apple.product-type.bundle.ui-testing";
		};
/* End PBXNativeTarget section */

/* Begin PBXProject section */
		CE2E2A832D6786020006B305 /* Project object */ = {
			isa = PBXProject;
			attributes = {
				BuildIndependentTargetsInParallel = 1;
				LastSwiftUpdateCheck = 1620;
				LastUpgradeCheck = 1620;
				TargetAttributes = {
					CE2E2A8A2D6786020006B305 = {
						CreatedOnToolsVersion = 16.2;
					};
					CE2E2AA32D6786060006B305 = {
						CreatedOnToolsVersion = 16.2;
						TestTargetID = CE2E2A8A2D6786020006B305;
					};
					CE2E2AAD2D6786060006B305 = {
						CreatedOnToolsVersion = 16.2;
						TestTargetID = CE2E2A8A2D6786020006B305;
					};
				};
			};
			buildConfigurationList = CE2E2A862D6786020006B305 /* Build configuration list for PBXProject "ToDoList" */;
			compatibilityVersion = "Xcode 15.0";
			developmentRegion = en;
			hasScannedForEncodings = 0;
			knownRegions = (
				en,
				Base,
			);
			mainGroup = CE2E2A822D6786020006B305;
			minimizedProjectReferenceProxies = 1;
			productRefGroup = CE2E2A8C2D6786020006B305 /* Products */;
			projectDirPath = "";
			projectRoot = "";
			targets = (
				CE2E2A8A2D6786020006B305 /* ToDoList */,
				CE2E2AA32D6786060006B305 /* ToDoListTests */,
				CE2E2AAD2D6786060006B305 /* ToDoListUITests */,
			);
		};
/* End PBXProject section */

/* Begin PBXResourcesBuildPhase section */
		CE2E2A892D6786020006B305 /* Resources */ = {
			isa = PBXResourcesBuildPhase;
			buildActionMask = 2147483647;
			files = (
				CE2E2ACC2D6786720006B305 /* Assets.xcassets in Resources */,
				CE2E2ACE2D6786720006B305 /* LaunchScreen.storyboard in Resources */,
			);
			runOnlyForDeploymentPostprocessing = 0;
		};
		CE2E2AA22D6786060006B305 /* Resources */ = {
			isa = PBXResourcesBuildPhase;
			buildActionMask = 2147483647;
			files = (
			);
			runOnlyForDeploymentPostprocessing = 0;
		};
		CE2E2AAC2D6786060006B305 /* Resources */ = {
			isa = PBXResourcesBuildPhase;
			buildActionMask = 2147483647;
			files = (
			);
			runOnlyForDeploymentPostprocessing = 0;
		};
/* End PBXResourcesBuildPhase section */

/* Begin PBXSourcesBuildPhase section */
		CE2E2A872D6786020006B305 /* Sources */ = {
			isa = PBXSourcesBuildPhase;
			buildActionMask = 2147483647;
			files = (
				CE7C061E2D68CD4300B5427A /* DetailViewRouter.swift in Sources */,
				CE7C06182D68CA2200B5427A /* DetailViewController.swift in Sources */,
				CE2E2AE72D678BB00006B305 /* Task.swift in Sources */,
				CE9B56FB2D6A180D00977D93 /* LabelStyles.swift in Sources */,
				CE2E2B052D67A9DC0006B305 /* TaskListPresenter.swift in Sources */,
				CE8A619F2D6CE9A600077BD8 /* LaunchScreenPresenter.swift in Sources */,
				CE2E2ACF2D6786720006B305 /* AppDelegate.swift in Sources */,
				CE7C061C2D68CD3700B5427A /* DetailViewPresenter.swift in Sources */,
				CE7C061A2D68CD2800B5427A /* DetailViewInteractor.swift in Sources */,
				CE2E2B072D67A9EA0006B305 /* TaskListRouter.swift in Sources */,
				CE2E2B012D6796240006B305 /* APITasks.swift in Sources */,
				CE2E2B032D67A96E0006B305 /* TaskListInteractor.swift in Sources */,
				CE8A61992D6CE97400077BD8 /* LaunchScreenViewController.swift in Sources */,
				CE2E2AD02D6786720006B305 /* SceneDelegate.swift in Sources */,
				CE2E2ADD2D6789E40006B305 /* NetworkManager.swift in Sources */,
				CE2E2B0A2D67BCFB0006B305 /* TaskListsCell.swift in Sources */,
				CE9B56F22D6A12A200977D93 /* TaskContextPreview.swift in Sources */,
				CE2E2ADF2D6789F50006B305 /* StorageManager.swift in Sources */,
				CE8A61A12D6CE9B200077BD8 /* LaunchScreenRouter.swift in Sources */,
				CE2E2AD12D6786720006B305 /* TasksList.xcdatamodeld in Sources */,
				CE2E2AD22D6786720006B305 /* TaskListViewController.swift in Sources */,
			);
			runOnlyForDeploymentPostprocessing = 0;
		};
		CE2E2AA02D6786060006B305 /* Sources */ = {
			isa = PBXSourcesBuildPhase;
			buildActionMask = 2147483647;
			files = (
				CE8A61972D6CE25F00077BD8 /* TaskListViewRouterTests.swift in Sources */,
				CE5449302D6B52BE001914C4 /* TaskListViewTests.swift in Sources */,
				CE5449312D6B52BE001914C4 /* DetailViewTests.swift in Sources */,
				CE5449332D6B52BE001914C4 /* DetailViewRouterTests.swift in Sources */,
				CE5449342D6B52BE001914C4 /* TaskLIstPresenterTests.swift in Sources */,
				CE5449352D6B52BE001914C4 /* DetailViewPresenterTests.swift in Sources */,
				CE5449362D6B52BE001914C4 /* TaskLIstInteractorTests.swift in Sources */,
				CE5449372D6B52BE001914C4 /* DetailViewInteractorTests.swift in Sources */,
			);
			runOnlyForDeploymentPostprocessing = 0;
		};
		CE2E2AAA2D6786060006B305 /* Sources */ = {
			isa = PBXSourcesBuildPhase;
			buildActionMask = 2147483647;
			files = (
				CE8A61952D6CDCE300077BD8 /* DetailViewUITests.swift in Sources */,
				CE54491D2D6B4A9C001914C4 /* ToDoListUITestsLaunchTests.swift in Sources */,
				CE54493A2D6B6902001914C4 /* TaskListViewUITests.swift in Sources */,
			);
			runOnlyForDeploymentPostprocessing = 0;
		};
/* End PBXSourcesBuildPhase section */

/* Begin PBXTargetDependency section */
		CE2E2AA62D6786060006B305 /* PBXTargetDependency */ = {
			isa = PBXTargetDependency;
			target = CE2E2A8A2D6786020006B305 /* ToDoList */;
			targetProxy = CE2E2AA52D6786060006B305 /* PBXContainerItemProxy */;
		};
		CE2E2AB02D6786060006B305 /* PBXTargetDependency */ = {
			isa = PBXTargetDependency;
			target = CE2E2A8A2D6786020006B305 /* ToDoList */;
			targetProxy = CE2E2AAF2D6786060006B305 /* PBXContainerItemProxy */;
		};
/* End PBXTargetDependency section */

/* Begin PBXVariantGroup section */
		CE2E2AC62D6786720006B305 /* LaunchScreen.storyboard */ = {
			isa = PBXVariantGroup;
			children = (
				CE2E2AC52D6786720006B305 /* Base */,
			);
			name = LaunchScreen.storyboard;
			sourceTree = "<group>";
		};
/* End PBXVariantGroup section */

/* Begin XCBuildConfiguration section */
		CE2E2AB82D6786060006B305 /* Debug */ = {
			isa = XCBuildConfiguration;
			buildSettings = {
				ASSETCATALOG_COMPILER_APPICON_NAME = AppIcon;
				ASSETCATALOG_COMPILER_GLOBAL_ACCENT_COLOR_NAME = AccentColor;
				CODE_SIGN_STYLE = Automatic;
				CURRENT_PROJECT_VERSION = 1;
				DEVELOPMENT_TEAM = 24Q9WM75S6;
				GENERATE_INFOPLIST_FILE = YES;
				INFOPLIST_FILE = ToDoList/App/Info.plist;
				INFOPLIST_KEY_UIApplicationSupportsIndirectInputEvents = YES;
				INFOPLIST_KEY_UILaunchStoryboardName = LaunchScreen;
				INFOPLIST_KEY_UISupportedInterfaceOrientations = UIInterfaceOrientationPortrait;
				INFOPLIST_KEY_UISupportedInterfaceOrientations_iPad = "UIInterfaceOrientationLandscapeLeft UIInterfaceOrientationLandscapeRight UIInterfaceOrientationPortrait UIInterfaceOrientationPortraitUpsideDown";
				IPHONEOS_DEPLOYMENT_TARGET = 17.0;
				LD_RUNPATH_SEARCH_PATHS = (
					"$(inherited)",
					"@executable_path/Frameworks",
				);
				MARKETING_VERSION = 1.0;
				PRODUCT_BUNDLE_IDENTIFIER = AlexHalushko.ToDoList;
				PRODUCT_NAME = "$(TARGET_NAME)";
				SUPPORTED_PLATFORMS = "iphoneos iphonesimulator";
				SUPPORTS_MACCATALYST = NO;
				SUPPORTS_MAC_DESIGNED_FOR_IPHONE_IPAD = NO;
				SUPPORTS_XR_DESIGNED_FOR_IPHONE_IPAD = NO;
				SWIFT_EMIT_LOC_STRINGS = YES;
				SWIFT_VERSION = 5.0;
				TARGETED_DEVICE_FAMILY = 1;
			};
			name = Debug;
		};
		CE2E2AB92D6786060006B305 /* Release */ = {
			isa = XCBuildConfiguration;
			buildSettings = {
				ASSETCATALOG_COMPILER_APPICON_NAME = AppIcon;
				ASSETCATALOG_COMPILER_GLOBAL_ACCENT_COLOR_NAME = AccentColor;
				CODE_SIGN_STYLE = Automatic;
				CURRENT_PROJECT_VERSION = 1;
				DEVELOPMENT_TEAM = 24Q9WM75S6;
				GENERATE_INFOPLIST_FILE = YES;
				INFOPLIST_FILE = ToDoList/App/Info.plist;
				INFOPLIST_KEY_UIApplicationSupportsIndirectInputEvents = YES;
				INFOPLIST_KEY_UILaunchStoryboardName = LaunchScreen;
				INFOPLIST_KEY_UISupportedInterfaceOrientations = UIInterfaceOrientationPortrait;
				INFOPLIST_KEY_UISupportedInterfaceOrientations_iPad = "UIInterfaceOrientationLandscapeLeft UIInterfaceOrientationLandscapeRight UIInterfaceOrientationPortrait UIInterfaceOrientationPortraitUpsideDown";
				IPHONEOS_DEPLOYMENT_TARGET = 17.0;
				LD_RUNPATH_SEARCH_PATHS = (
					"$(inherited)",
					"@executable_path/Frameworks",
				);
				MARKETING_VERSION = 1.0;
				PRODUCT_BUNDLE_IDENTIFIER = AlexHalushko.ToDoList;
				PRODUCT_NAME = "$(TARGET_NAME)";
				SUPPORTED_PLATFORMS = "iphoneos iphonesimulator";
				SUPPORTS_MACCATALYST = NO;
				SUPPORTS_MAC_DESIGNED_FOR_IPHONE_IPAD = NO;
				SUPPORTS_XR_DESIGNED_FOR_IPHONE_IPAD = NO;
				SWIFT_EMIT_LOC_STRINGS = YES;
				SWIFT_VERSION = 5.0;
				TARGETED_DEVICE_FAMILY = 1;
			};
			name = Release;
		};
		CE2E2ABA2D6786060006B305 /* Debug */ = {
			isa = XCBuildConfiguration;
			buildSettings = {
				ALWAYS_SEARCH_USER_PATHS = NO;
				ASSETCATALOG_COMPILER_GENERATE_SWIFT_ASSET_SYMBOL_EXTENSIONS = YES;
				CLANG_ANALYZER_NONNULL = YES;
				CLANG_ANALYZER_NUMBER_OBJECT_CONVERSION = YES_AGGRESSIVE;
				CLANG_CXX_LANGUAGE_STANDARD = "gnu++20";
				CLANG_ENABLE_MODULES = YES;
				CLANG_ENABLE_OBJC_ARC = YES;
				CLANG_ENABLE_OBJC_WEAK = YES;
				CLANG_WARN_BLOCK_CAPTURE_AUTORELEASING = YES;
				CLANG_WARN_BOOL_CONVERSION = YES;
				CLANG_WARN_COMMA = YES;
				CLANG_WARN_CONSTANT_CONVERSION = YES;
				CLANG_WARN_DEPRECATED_OBJC_IMPLEMENTATIONS = YES;
				CLANG_WARN_DIRECT_OBJC_ISA_USAGE = YES_ERROR;
				CLANG_WARN_DOCUMENTATION_COMMENTS = YES;
				CLANG_WARN_EMPTY_BODY = YES;
				CLANG_WARN_ENUM_CONVERSION = YES;
				CLANG_WARN_INFINITE_RECURSION = YES;
				CLANG_WARN_INT_CONVERSION = YES;
				CLANG_WARN_NON_LITERAL_NULL_CONVERSION = YES;
				CLANG_WARN_OBJC_IMPLICIT_RETAIN_SELF = YES;
				CLANG_WARN_OBJC_LITERAL_CONVERSION = YES;
				CLANG_WARN_OBJC_ROOT_CLASS = YES_ERROR;
				CLANG_WARN_QUOTED_INCLUDE_IN_FRAMEWORK_HEADER = YES;
				CLANG_WARN_RANGE_LOOP_ANALYSIS = YES;
				CLANG_WARN_STRICT_PROTOTYPES = YES;
				CLANG_WARN_SUSPICIOUS_MOVE = YES;
				CLANG_WARN_UNGUARDED_AVAILABILITY = YES_AGGRESSIVE;
				CLANG_WARN_UNREACHABLE_CODE = YES;
				CLANG_WARN__DUPLICATE_METHOD_MATCH = YES;
				COPY_PHASE_STRIP = NO;
				DEBUG_INFORMATION_FORMAT = dwarf;
				ENABLE_STRICT_OBJC_MSGSEND = YES;
				ENABLE_TESTABILITY = YES;
				ENABLE_USER_SCRIPT_SANDBOXING = YES;
				GCC_C_LANGUAGE_STANDARD = gnu17;
				GCC_DYNAMIC_NO_PIC = NO;
				GCC_NO_COMMON_BLOCKS = YES;
				GCC_OPTIMIZATION_LEVEL = 0;
				GCC_PREPROCESSOR_DEFINITIONS = (
					"DEBUG=1",
					"$(inherited)",
				);
				GCC_WARN_64_TO_32_BIT_CONVERSION = YES;
				GCC_WARN_ABOUT_RETURN_TYPE = YES_ERROR;
				GCC_WARN_UNDECLARED_SELECTOR = YES;
				GCC_WARN_UNINITIALIZED_AUTOS = YES_AGGRESSIVE;
				GCC_WARN_UNUSED_FUNCTION = YES;
				GCC_WARN_UNUSED_VARIABLE = YES;
				IPHONEOS_DEPLOYMENT_TARGET = 18.2;
				LOCALIZATION_PREFERS_STRING_CATALOGS = YES;
				MTL_ENABLE_DEBUG_INFO = INCLUDE_SOURCE;
				MTL_FAST_MATH = YES;
				ONLY_ACTIVE_ARCH = YES;
				SDKROOT = iphoneos;
				SWIFT_ACTIVE_COMPILATION_CONDITIONS = "DEBUG $(inherited)";
				SWIFT_OPTIMIZATION_LEVEL = "-Onone";
			};
			name = Debug;
		};
		CE2E2ABB2D6786060006B305 /* Release */ = {
			isa = XCBuildConfiguration;
			buildSettings = {
				ALWAYS_SEARCH_USER_PATHS = NO;
				ASSETCATALOG_COMPILER_GENERATE_SWIFT_ASSET_SYMBOL_EXTENSIONS = YES;
				CLANG_ANALYZER_NONNULL = YES;
				CLANG_ANALYZER_NUMBER_OBJECT_CONVERSION = YES_AGGRESSIVE;
				CLANG_CXX_LANGUAGE_STANDARD = "gnu++20";
				CLANG_ENABLE_MODULES = YES;
				CLANG_ENABLE_OBJC_ARC = YES;
				CLANG_ENABLE_OBJC_WEAK = YES;
				CLANG_WARN_BLOCK_CAPTURE_AUTORELEASING = YES;
				CLANG_WARN_BOOL_CONVERSION = YES;
				CLANG_WARN_COMMA = YES;
				CLANG_WARN_CONSTANT_CONVERSION = YES;
				CLANG_WARN_DEPRECATED_OBJC_IMPLEMENTATIONS = YES;
				CLANG_WARN_DIRECT_OBJC_ISA_USAGE = YES_ERROR;
				CLANG_WARN_DOCUMENTATION_COMMENTS = YES;
				CLANG_WARN_EMPTY_BODY = YES;
				CLANG_WARN_ENUM_CONVERSION = YES;
				CLANG_WARN_INFINITE_RECURSION = YES;
				CLANG_WARN_INT_CONVERSION = YES;
				CLANG_WARN_NON_LITERAL_NULL_CONVERSION = YES;
				CLANG_WARN_OBJC_IMPLICIT_RETAIN_SELF = YES;
				CLANG_WARN_OBJC_LITERAL_CONVERSION = YES;
				CLANG_WARN_OBJC_ROOT_CLASS = YES_ERROR;
				CLANG_WARN_QUOTED_INCLUDE_IN_FRAMEWORK_HEADER = YES;
				CLANG_WARN_RANGE_LOOP_ANALYSIS = YES;
				CLANG_WARN_STRICT_PROTOTYPES = YES;
				CLANG_WARN_SUSPICIOUS_MOVE = YES;
				CLANG_WARN_UNGUARDED_AVAILABILITY = YES_AGGRESSIVE;
				CLANG_WARN_UNREACHABLE_CODE = YES;
				CLANG_WARN__DUPLICATE_METHOD_MATCH = YES;
				COPY_PHASE_STRIP = NO;
				DEBUG_INFORMATION_FORMAT = "dwarf-with-dsym";
				ENABLE_NS_ASSERTIONS = NO;
				ENABLE_STRICT_OBJC_MSGSEND = YES;
				ENABLE_USER_SCRIPT_SANDBOXING = YES;
				GCC_C_LANGUAGE_STANDARD = gnu17;
				GCC_NO_COMMON_BLOCKS = YES;
				GCC_WARN_64_TO_32_BIT_CONVERSION = YES;
				GCC_WARN_ABOUT_RETURN_TYPE = YES_ERROR;
				GCC_WARN_UNDECLARED_SELECTOR = YES;
				GCC_WARN_UNINITIALIZED_AUTOS = YES_AGGRESSIVE;
				GCC_WARN_UNUSED_FUNCTION = YES;
				GCC_WARN_UNUSED_VARIABLE = YES;
				IPHONEOS_DEPLOYMENT_TARGET = 18.2;
				LOCALIZATION_PREFERS_STRING_CATALOGS = YES;
				MTL_ENABLE_DEBUG_INFO = NO;
				MTL_FAST_MATH = YES;
				SDKROOT = iphoneos;
				SWIFT_COMPILATION_MODE = wholemodule;
				VALIDATE_PRODUCT = YES;
			};
			name = Release;
		};
		CE2E2ABD2D6786060006B305 /* Debug */ = {
			isa = XCBuildConfiguration;
			buildSettings = {
				BUNDLE_LOADER = "$(TEST_HOST)";
				CODE_SIGN_STYLE = Automatic;
				CURRENT_PROJECT_VERSION = 1;
				DEVELOPMENT_TEAM = 24Q9WM75S6;
				GENERATE_INFOPLIST_FILE = YES;
				IPHONEOS_DEPLOYMENT_TARGET = 17.0;
				MARKETING_VERSION = 1.0;
				PRODUCT_BUNDLE_IDENTIFIER = AlexHalushko.ToDoListTests;
				PRODUCT_NAME = "$(TARGET_NAME)";
				SUPPORTED_PLATFORMS = "iphoneos iphonesimulator";
				SUPPORTS_MACCATALYST = NO;
				SUPPORTS_MAC_DESIGNED_FOR_IPHONE_IPAD = NO;
				SUPPORTS_XR_DESIGNED_FOR_IPHONE_IPAD = NO;
				SWIFT_EMIT_LOC_STRINGS = NO;
				SWIFT_VERSION = 5.0;
				TARGETED_DEVICE_FAMILY = 1;
				TEST_HOST = "$(BUILT_PRODUCTS_DIR)/ToDoList.app/$(BUNDLE_EXECUTABLE_FOLDER_PATH)/ToDoList";
			};
			name = Debug;
		};
		CE2E2ABE2D6786060006B305 /* Release */ = {
			isa = XCBuildConfiguration;
			buildSettings = {
				BUNDLE_LOADER = "$(TEST_HOST)";
				CODE_SIGN_STYLE = Automatic;
				CURRENT_PROJECT_VERSION = 1;
				DEVELOPMENT_TEAM = 24Q9WM75S6;
				GENERATE_INFOPLIST_FILE = YES;
				IPHONEOS_DEPLOYMENT_TARGET = 17.0;
				MARKETING_VERSION = 1.0;
				PRODUCT_BUNDLE_IDENTIFIER = AlexHalushko.ToDoListTests;
				PRODUCT_NAME = "$(TARGET_NAME)";
				SUPPORTED_PLATFORMS = "iphoneos iphonesimulator";
				SUPPORTS_MACCATALYST = NO;
				SUPPORTS_MAC_DESIGNED_FOR_IPHONE_IPAD = NO;
				SUPPORTS_XR_DESIGNED_FOR_IPHONE_IPAD = NO;
				SWIFT_EMIT_LOC_STRINGS = NO;
				SWIFT_VERSION = 5.0;
				TARGETED_DEVICE_FAMILY = 1;
				TEST_HOST = "$(BUILT_PRODUCTS_DIR)/ToDoList.app/$(BUNDLE_EXECUTABLE_FOLDER_PATH)/ToDoList";
			};
			name = Release;
		};
		CE2E2AC02D6786060006B305 /* Debug */ = {
			isa = XCBuildConfiguration;
			buildSettings = {
				CODE_SIGN_STYLE = Automatic;
				CURRENT_PROJECT_VERSION = 1;
				DEVELOPMENT_TEAM = 24Q9WM75S6;
				GENERATE_INFOPLIST_FILE = YES;
				IPHONEOS_DEPLOYMENT_TARGET = 17.5;
				MARKETING_VERSION = 1.0;
				PRODUCT_BUNDLE_IDENTIFIER = AlexHalushko.ToDoListUITests;
				PRODUCT_NAME = "$(TARGET_NAME)";
				SUPPORTED_PLATFORMS = "iphoneos iphonesimulator";
				SUPPORTS_MACCATALYST = NO;
				SUPPORTS_MAC_DESIGNED_FOR_IPHONE_IPAD = NO;
				SUPPORTS_XR_DESIGNED_FOR_IPHONE_IPAD = NO;
				SWIFT_EMIT_LOC_STRINGS = NO;
				SWIFT_VERSION = 5.0;
				TARGETED_DEVICE_FAMILY = 1;
				TEST_TARGET_NAME = ToDoList;
			};
			name = Debug;
		};
		CE2E2AC12D6786060006B305 /* Release */ = {
			isa = XCBuildConfiguration;
			buildSettings = {
				CODE_SIGN_STYLE = Automatic;
				CURRENT_PROJECT_VERSION = 1;
				DEVELOPMENT_TEAM = 24Q9WM75S6;
				GENERATE_INFOPLIST_FILE = YES;
				IPHONEOS_DEPLOYMENT_TARGET = 17.5;
				MARKETING_VERSION = 1.0;
				PRODUCT_BUNDLE_IDENTIFIER = AlexHalushko.ToDoListUITests;
				PRODUCT_NAME = "$(TARGET_NAME)";
				SUPPORTED_PLATFORMS = "iphoneos iphonesimulator";
				SUPPORTS_MACCATALYST = NO;
				SUPPORTS_MAC_DESIGNED_FOR_IPHONE_IPAD = NO;
				SUPPORTS_XR_DESIGNED_FOR_IPHONE_IPAD = NO;
				SWIFT_EMIT_LOC_STRINGS = NO;
				SWIFT_VERSION = 5.0;
				TARGETED_DEVICE_FAMILY = 1;
				TEST_TARGET_NAME = ToDoList;
			};
			name = Release;
		};
/* End XCBuildConfiguration section */

/* Begin XCConfigurationList section */
		CE2E2A862D6786020006B305 /* Build configuration list for PBXProject "ToDoList" */ = {
			isa = XCConfigurationList;
			buildConfigurations = (
				CE2E2ABA2D6786060006B305 /* Debug */,
				CE2E2ABB2D6786060006B305 /* Release */,
			);
			defaultConfigurationIsVisible = 0;
			defaultConfigurationName = Release;
		};
		CE2E2AB72D6786060006B305 /* Build configuration list for PBXNativeTarget "ToDoList" */ = {
			isa = XCConfigurationList;
			buildConfigurations = (
				CE2E2AB82D6786060006B305 /* Debug */,
				CE2E2AB92D6786060006B305 /* Release */,
			);
			defaultConfigurationIsVisible = 0;
			defaultConfigurationName = Release;
		};
		CE2E2ABC2D6786060006B305 /* Build configuration list for PBXNativeTarget "ToDoListTests" */ = {
			isa = XCConfigurationList;
			buildConfigurations = (
				CE2E2ABD2D6786060006B305 /* Debug */,
				CE2E2ABE2D6786060006B305 /* Release */,
			);
			defaultConfigurationIsVisible = 0;
			defaultConfigurationName = Release;
		};
		CE2E2ABF2D6786060006B305 /* Build configuration list for PBXNativeTarget "ToDoListUITests" */ = {
			isa = XCConfigurationList;
			buildConfigurations = (
				CE2E2AC02D6786060006B305 /* Debug */,
				CE2E2AC12D6786060006B305 /* Release */,
			);
			defaultConfigurationIsVisible = 0;
			defaultConfigurationName = Release;
		};
/* End XCConfigurationList section */

/* Begin XCVersionGroup section */
		CE2E2AC82D6786720006B305 /* TasksList.xcdatamodeld */ = {
			isa = XCVersionGroup;
			children = (
				CE2E2ACB2D6786720006B305 /* TasksList.xcdatamodel */,
			);
			currentVersion = CE2E2ACB2D6786720006B305 /* TasksList.xcdatamodel */;
			path = TasksList.xcdatamodeld;
			sourceTree = "<group>";
			versionGroupType = wrapper.xcdatamodel;
		};
/* End XCVersionGroup section */
	};
	rootObject = CE2E2A832D6786020006B305 /* Project object */;
}
