// !$*UTF8*$!
{
	archiveVersion = 1;
	classes = {
	};
	objectVersion = 70;
	objects = {

/* Begin PBXBuildFile section */
		CE2E2ACC2D6786720006B305 /* Assets.xcassets in Resources */ = {isa = PBXBuildFile; fileRef = CE2E2AC32D6786720006B305 /* Assets.xcassets */; };
		CE2E2ACE2D6786720006B305 /* LaunchScreen.storyboard in Resources */ = {isa = PBXBuildFile; fileRef = CE2E2AC62D6786720006B305 /* LaunchScreen.storyboard */; };
		CE2E2ACF2D6786720006B305 /* AppDelegate.swift in Sources */ = {isa = PBXBuildFile; fileRef = CE2E2AC22D6786720006B305 /* AppDelegate.swift */; };
		CE2E2AD02D6786720006B305 /* SceneDelegate.swift in Sources */ = {isa = PBXBuildFile; fileRef = CE2E2AC72D6786720006B305 /* SceneDelegate.swift */; };
		CE2E2AD12D6786720006B305 /* TasksList.xcdatamodeld in Sources */ = {isa = PBXBuildFile; fileRef = CE2E2AC82D6786720006B305 /* TasksList.xcdatamodeld */; };
		CE2E2AD22D6786720006B305 /* TaskListViewController.swift in Sources */ = {isa = PBXBuildFile; fileRef = CE2E2AC92D6786720006B305 /* TaskListViewController.swift */; };
		CE2E2ADD2D6789E40006B305 /* NetworkManager.swift in Sources */ = {isa = PBXBuildFile; fileRef = CE2E2ADC2D6789E40006B305 /* NetworkManager.swift */; };
		CE2E2ADF2D6789F50006B305 /* StorageManager.swift in Sources */ = {isa = PBXBuildFile; fileRef = CE2E2ADE2D6789F00006B305 /* StorageManager.swift */; };
		CE2E2AE72D678BB00006B305 /* Task.swift in Sources */ = {isa = PBXBuildFile; fileRef = CE2E2AE62D678B980006B305 /* Task.swift */; };
		CE2E2B012D6796240006B305 /* APITasks.swift in Sources */ = {isa = PBXBuildFile; fileRef = CE2E2B002D67960B0006B305 /* APITasks.swift */; };
		CE2E2B032D67A96E0006B305 /* TaskListInteractor.swift in Sources */ = {isa = PBXBuildFile; fileRef = CE2E2B022D67A96E0006B305 /* TaskListInteractor.swift */; };
		CE2E2B052D67A9DC0006B305 /* TaskListPresenter.swift in Sources */ = {isa = PBXBuildFile; fileRef = CE2E2B042D67A9DC0006B305 /* TaskListPresenter.swift */; };
		CE2E2B072D67A9EA0006B305 /* TaskListRouter.swift in Sources */ = {isa = PBXBuildFile; fileRef = CE2E2B062D67A9EA0006B305 /* TaskListRouter.swift */; };
		CE2E2B0A2D67BCFB0006B305 /* TaskListsCell.swift in Sources */ = {isa = PBXBuildFile; fileRef = CE2E2B092D67BCFB0006B305 /* TaskListsCell.swift */; };
		CE7C06182D68CA2200B5427A /* DetailViewController.swift in Sources */ = {isa = PBXBuildFile; fileRef = CE7C06172D68CA2200B5427A /* DetailViewController.swift */; };
		CE7C061A2D68CD2800B5427A /* DetailViewInteractor.swift in Sources */ = {isa = PBXBuildFile; fileRef = CE7C06192D68CD0D00B5427A /* DetailViewInteractor.swift */; };
		CE7C061C2D68CD3700B5427A /* DetailViewPresenter.swift in Sources */ = {isa = PBXBuildFile; fileRef = CE7C061B2D68CD3000B5427A /* DetailViewPresenter.swift */; };
		CE7C061E2D68CD4300B5427A /* DetailViewRouter.swift in Sources */ = {isa = PBXBuildFile; fileRef = CE7C061D2D68CD3C00B5427A /* DetailViewRouter.swift */; };
		CE7C06202D68D07000B5427A /* TaskListViewControllerProtocol.swift in Sources */ = {isa = PBXBuildFile; fileRef = CE7C061F2D68D06400B5427A /* TaskListViewControllerProtocol.swift */; };
		CE7C06222D68D0AE00B5427A /* DetailViewControllerProtocol.swift in Sources */ = {isa = PBXBuildFile; fileRef = CE7C06212D68D09F00B5427A /* DetailViewControllerProtocol.swift */; };
		CE7C06272D68D18600B5427A /* TaskListInteractorProtocol.swift in Sources */ = {isa = PBXBuildFile; fileRef = CE7C06262D68D18100B5427A /* TaskListInteractorProtocol.swift */; };
		CE7C062A2D68D20A00B5427A /* DetailViewInteractorProtocol.swift in Sources */ = {isa = PBXBuildFile; fileRef = CE7C06292D68D20600B5427A /* DetailViewInteractorProtocol.swift */; };
		CE7C062D2D68D22B00B5427A /* TaskListPresenterProtocol.swift in Sources */ = {isa = PBXBuildFile; fileRef = CE7C062C2D68D22400B5427A /* TaskListPresenterProtocol.swift */; };
		CE7C06302D68D25700B5427A /* DetailViewPresenterProtocol.swift in Sources */ = {isa = PBXBuildFile; fileRef = CE7C062F2D68D24F00B5427A /* DetailViewPresenterProtocol.swift */; };
		CE7C06332D68D27000B5427A /* TaskListRouterProtocol.swift in Sources */ = {isa = PBXBuildFile; fileRef = CE7C06322D68D26A00B5427A /* TaskListRouterProtocol.swift */; };
		CE7C06362D68D2B100B5427A /* DetailViewRouterProtocol.swift in Sources */ = {isa = PBXBuildFile; fileRef = CE7C06352D68D2AD00B5427A /* DetailViewRouterProtocol.swift */; };
/* End PBXBuildFile section */

/* Begin PBXContainerItemProxy section */
		CE2E2AA52D6786060006B305 /* PBXContainerItemProxy */ = {
			isa = PBXContainerItemProxy;
			containerPortal = CE2E2A832D6786020006B305 /* Project object */;
			proxyType = 1;
			remoteGlobalIDString = CE2E2A8A2D6786020006B305;
			remoteInfo = ToDoList;
		};
		CE2E2AAF2D6786060006B305 /* PBXContainerItemProxy */ = {
			isa = PBXContainerItemProxy;
			containerPortal = CE2E2A832D6786020006B305 /* Project object */;
			proxyType = 1;
			remoteGlobalIDString = CE2E2A8A2D6786020006B305;
			remoteInfo = ToDoList;
		};
/* End PBXContainerItemProxy section */

/* Begin PBXFileReference section */
		CE2E2A8B2D6786020006B305 /* ToDoList.app */ = {isa = PBXFileReference; explicitFileType = wrapper.application; includeInIndex = 0; path = ToDoList.app; sourceTree = BUILT_PRODUCTS_DIR; };
		CE2E2AA42D6786060006B305 /* ToDoListTests.xctest */ = {isa = PBXFileReference; explicitFileType = wrapper.cfbundle; includeInIndex = 0; path = ToDoListTests.xctest; sourceTree = BUILT_PRODUCTS_DIR; };
		CE2E2AAE2D6786060006B305 /* ToDoListUITests.xctest */ = {isa = PBXFileReference; explicitFileType = wrapper.cfbundle; includeInIndex = 0; path = ToDoListUITests.xctest; sourceTree = BUILT_PRODUCTS_DIR; };
		CE2E2AC22D6786720006B305 /* AppDelegate.swift */ = {isa = PBXFileReference; lastKnownFileType = sourcecode.swift; path = AppDelegate.swift; sourceTree = "<group>"; };
		CE2E2AC32D6786720006B305 /* Assets.xcassets */ = {isa = PBXFileReference; lastKnownFileType = folder.assetcatalog; path = Assets.xcassets; sourceTree = "<group>"; };
		CE2E2AC42D6786720006B305 /* Info.plist */ = {isa = PBXFileReference; lastKnownFileType = text.plist.xml; path = Info.plist; sourceTree = "<group>"; };
		CE2E2AC52D6786720006B305 /* Base */ = {isa = PBXFileReference; lastKnownFileType = file.storyboard; name = Base; path = Base.lproj/LaunchScreen.storyboard; sourceTree = "<group>"; };
		CE2E2AC72D6786720006B305 /* SceneDelegate.swift */ = {isa = PBXFileReference; lastKnownFileType = sourcecode.swift; path = SceneDelegate.swift; sourceTree = "<group>"; };
		CE2E2AC92D6786720006B305 /* TaskListViewController.swift */ = {isa = PBXFileReference; lastKnownFileType = sourcecode.swift; path = TaskListViewController.swift; sourceTree = "<group>"; };
		CE2E2ACB2D6786720006B305 /* TasksList.xcdatamodel */ = {isa = PBXFileReference; lastKnownFileType = wrapper.xcdatamodel; path = TasksList.xcdatamodel; sourceTree = "<group>"; };
		CE2E2ADC2D6789E40006B305 /* NetworkManager.swift */ = {isa = PBXFileReference; lastKnownFileType = sourcecode.swift; path = NetworkManager.swift; sourceTree = "<group>"; };
		CE2E2ADE2D6789F00006B305 /* StorageManager.swift */ = {isa = PBXFileReference; lastKnownFileType = sourcecode.swift; lineEnding = 1; path = StorageManager.swift; sourceTree = "<group>"; usesTabs = 0; wrapsLines = 1; };
		CE2E2AE62D678B980006B305 /* Task.swift */ = {isa = PBXFileReference; lastKnownFileType = sourcecode.swift; path = Task.swift; sourceTree = "<group>"; };
		CE2E2B002D67960B0006B305 /* APITasks.swift */ = {isa = PBXFileReference; lastKnownFileType = sourcecode.swift; path = APITasks.swift; sourceTree = "<group>"; };
		CE2E2B022D67A96E0006B305 /* TaskListInteractor.swift */ = {isa = PBXFileReference; lastKnownFileType = sourcecode.swift; path = TaskListInteractor.swift; sourceTree = "<group>"; };
		CE2E2B042D67A9DC0006B305 /* TaskListPresenter.swift */ = {isa = PBXFileReference; lastKnownFileType = sourcecode.swift; path = TaskListPresenter.swift; sourceTree = "<group>"; };
		CE2E2B062D67A9EA0006B305 /* TaskListRouter.swift */ = {isa = PBXFileReference; lastKnownFileType = sourcecode.swift; path = TaskListRouter.swift; sourceTree = "<group>"; };
		CE2E2B092D67BCFB0006B305 /* TaskListsCell.swift */ = {isa = PBXFileReference; lastKnownFileType = sourcecode.swift; path = TaskListsCell.swift; sourceTree = "<group>"; };
		CE7C06172D68CA2200B5427A /* DetailViewController.swift */ = {isa = PBXFileReference; lastKnownFileType = sourcecode.swift; path = DetailViewController.swift; sourceTree = "<group>"; };
		CE7C06192D68CD0D00B5427A /* DetailViewInteractor.swift */ = {isa = PBXFileReference; lastKnownFileType = sourcecode.swift; path = DetailViewInteractor.swift; sourceTree = "<group>"; };
		CE7C061B2D68CD3000B5427A /* DetailViewPresenter.swift */ = {isa = PBXFileReference; lastKnownFileType = sourcecode.swift; path = DetailViewPresenter.swift; sourceTree = "<group>"; };
		CE7C061D2D68CD3C00B5427A /* DetailViewRouter.swift */ = {isa = PBXFileReference; lastKnownFileType = sourcecode.swift; path = DetailViewRouter.swift; sourceTree = "<group>"; };
		CE7C061F2D68D06400B5427A /* TaskListViewControllerProtocol.swift */ = {isa = PBXFileReference; lastKnownFileType = sourcecode.swift; path = TaskListViewControllerProtocol.swift; sourceTree = "<group>"; };
		CE7C06212D68D09F00B5427A /* DetailViewControllerProtocol.swift */ = {isa = PBXFileReference; lastKnownFileType = sourcecode.swift; path = DetailViewControllerProtocol.swift; sourceTree = "<group>"; };
		CE7C06262D68D18100B5427A /* TaskListInteractorProtocol.swift */ = {isa = PBXFileReference; lastKnownFileType = sourcecode.swift; path = TaskListInteractorProtocol.swift; sourceTree = "<group>"; };
		CE7C06292D68D20600B5427A /* DetailViewInteractorProtocol.swift */ = {isa = PBXFileReference; lastKnownFileType = sourcecode.swift; path = DetailViewInteractorProtocol.swift; sourceTree = "<group>"; };
		CE7C062C2D68D22400B5427A /* TaskListPresenterProtocol.swift */ = {isa = PBXFileReference; lastKnownFileType = sourcecode.swift; path = TaskListPresenterProtocol.swift; sourceTree = "<group>"; };
		CE7C062F2D68D24F00B5427A /* DetailViewPresenterProtocol.swift */ = {isa = PBXFileReference; lastKnownFileType = sourcecode.swift; path = DetailViewPresenterProtocol.swift; sourceTree = "<group>"; };
		CE7C06322D68D26A00B5427A /* TaskListRouterProtocol.swift */ = {isa = PBXFileReference; lastKnownFileType = sourcecode.swift; path = TaskListRouterProtocol.swift; sourceTree = "<group>"; };
		CE7C06352D68D2AD00B5427A /* DetailViewRouterProtocol.swift */ = {isa = PBXFileReference; lastKnownFileType = sourcecode.swift; path = DetailViewRouterProtocol.swift; sourceTree = "<group>"; };
/* End PBXFileReference section */

/* Begin PBXFileSystemSynchronizedRootGroup section */
		CE2E2AA72D6786060006B305 /* ToDoListTests */ = {isa = PBXFileSystemSynchronizedRootGroup; explicitFileTypes = {}; explicitFolders = (); path = ToDoListTests; sourceTree = "<group>"; };
		CE2E2AB12D6786060006B305 /* ToDoListUITests */ = {isa = PBXFileSystemSynchronizedRootGroup; explicitFileTypes = {}; explicitFolders = (); path = ToDoListUITests; sourceTree = "<group>"; };
/* End PBXFileSystemSynchronizedRootGroup section */

/* Begin PBXFrameworksBuildPhase section */
		CE2E2A882D6786020006B305 /* Frameworks */ = {
			isa = PBXFrameworksBuildPhase;
			buildActionMask = 2147483647;
			files = (
			);
			runOnlyForDeploymentPostprocessing = 0;
		};
		CE2E2AA12D6786060006B305 /* Frameworks */ = {
			isa = PBXFrameworksBuildPhase;
			buildActionMask = 2147483647;
			files = (
			);
			runOnlyForDeploymentPostprocessing = 0;
		};
		CE2E2AAB2D6786060006B305 /* Frameworks */ = {
			isa = PBXFrameworksBuildPhase;
			buildActionMask = 2147483647;
			files = (
			);
			runOnlyForDeploymentPostprocessing = 0;
		};
/* End PBXFrameworksBuildPhase section */

/* Begin PBXGroup section */
		CE2E2A822D6786020006B305 = {
			isa = PBXGroup;
			children = (
				CE2E2ACA2D6786720006B305 /* ToDoList */,
				CE2E2AA72D6786060006B305 /* ToDoListTests */,
				CE2E2AB12D6786060006B305 /* ToDoListUITests */,
				CE2E2A8C2D6786020006B305 /* Products */,
			);
			sourceTree = "<group>";
		};
		CE2E2A8C2D6786020006B305 /* Products */ = {
			isa = PBXGroup;
			children = (
				CE2E2A8B2D6786020006B305 /* ToDoList.app */,
				CE2E2AA42D6786060006B305 /* ToDoListTests.xctest */,
				CE2E2AAE2D6786060006B305 /* ToDoListUITests.xctest */,
			);
			name = Products;
			sourceTree = "<group>";
		};
		CE2E2ACA2D6786720006B305 /* ToDoList */ = {
			isa = PBXGroup;
			children = (
				CE2E2AD32D67869D0006B305 /* App */,
				CE2E2AD92D6788A30006B305 /* Data */,
				CE2E2AE02D678A020006B305 /* Modules */,
				CE2E2AD42D6787660006B305 /* Resources */,
				CE2E2AD72D67880E0006B305 /* Storyboards */,
			);
			path = ToDoList;
			sourceTree = "<group>";
		};
		CE2E2AD32D67869D0006B305 /* App */ = {
			isa = PBXGroup;
			children = (
				CE2E2AC22D6786720006B305 /* AppDelegate.swift */,
				CE2E2AC72D6786720006B305 /* SceneDelegate.swift */,
				CE2E2AC42D6786720006B305 /* Info.plist */,
			);
			path = App;
			sourceTree = "<group>";
		};
		CE2E2AD42D6787660006B305 /* Resources */ = {
			isa = PBXGroup;
			children = (
				CE2E2AC32D6786720006B305 /* Assets.xcassets */,
			);
			path = Resources;
			sourceTree = "<group>";
		};
		CE2E2AD72D67880E0006B305 /* Storyboards */ = {
			isa = PBXGroup;
			children = (
				CE2E2AC62D6786720006B305 /* LaunchScreen.storyboard */,
			);
			path = Storyboards;
			sourceTree = "<group>";
		};
		CE2E2AD92D6788A30006B305 /* Data */ = {
			isa = PBXGroup;
			children = (
				CE2E2ADB2D67892C0006B305 /* Network */,
				CE2E2ADA2D6789190006B305 /* CoreData */,
			);
			path = Data;
			sourceTree = "<group>";
		};
		CE2E2ADA2D6789190006B305 /* CoreData */ = {
			isa = PBXGroup;
			children = (
				CE2E2ADE2D6789F00006B305 /* StorageManager.swift */,
				CE2E2AC82D6786720006B305 /* TasksList.xcdatamodeld */,
			);
			path = CoreData;
			sourceTree = "<group>";
		};
		CE2E2ADB2D67892C0006B305 /* Network */ = {
			isa = PBXGroup;
			children = (
				CE2E2ADC2D6789E40006B305 /* NetworkManager.swift */,
				CE2E2B002D67960B0006B305 /* APITasks.swift */,
			);
			path = Network;
			sourceTree = "<group>";
		};
		CE2E2AE02D678A020006B305 /* Modules */ = {
			isa = PBXGroup;
			children = (
				CE2E2AE12D678A0A0006B305 /* View */,
				CE2E2AE22D678A1D0006B305 /* Interactor */,
				CE2E2AE32D678A2A0006B305 /* Presenter */,
				CE2E2AE42D678A340006B305 /* Entity */,
				CE2E2AE52D678A3C0006B305 /* Router */,
			);
			path = Modules;
			sourceTree = "<group>";
		};
		CE2E2AE12D678A0A0006B305 /* View */ = {
			isa = PBXGroup;
			children = (
				CE7C06242D68D0F500B5427A /* TaskListViewController */,
				CE7C06232D68D0D500B5427A /* DetailViewController */,
				CE2E2B082D67BCC80006B305 /* Cell */,
			);
			path = View;
			sourceTree = "<group>";
		};
		CE2E2AE22D678A1D0006B305 /* Interactor */ = {
			isa = PBXGroup;
			children = (
				CE7C06252D68D16E00B5427A /* TaskListInteractor */,
				CE7C06282D68D1EB00B5427A /* DetailViewInteractor */,
			);
			path = Interactor;
			sourceTree = "<group>";
		};
		CE2E2AE32D678A2A0006B305 /* Presenter */ = {
			isa = PBXGroup;
			children = (
				CE7C062B2D68D21600B5427A /* TaskListPresenter */,
				CE7C062E2D68D23F00B5427A /* DetailViewPresenter */,
			);
			path = Presenter;
			sourceTree = "<group>";
		};
		CE2E2AE42D678A340006B305 /* Entity */ = {
			isa = PBXGroup;
			children = (
				CE2E2AE62D678B980006B305 /* Task.swift */,
			);
			path = Entity;
			sourceTree = "<group>";
		};
		CE2E2AE52D678A3C0006B305 /* Router */ = {
			isa = PBXGroup;
			children = (
				CE7C06312D68D26100B5427A /* TaskListRouter */,
				CE7C06342D68D29A00B5427A /* DetailViewRouter */,
			);
			path = Router;
			sourceTree = "<group>";
		};
		CE2E2B082D67BCC80006B305 /* Cell */ = {
			isa = PBXGroup;
			children = (
				CE2E2B092D67BCFB0006B305 /* TaskListsCell.swift */,
			);
			path = Cell;
			sourceTree = "<group>";
		};
		CE7C06232D68D0D500B5427A /* DetailViewController */ = {
			isa = PBXGroup;
			children = (
				CE7C06172D68CA2200B5427A /* DetailViewController.swift */,
				CE7C06212D68D09F00B5427A /* DetailViewControllerProtocol.swift */,
			);
			path = DetailViewController;
			sourceTree = "<group>";
		};
		CE7C06242D68D0F500B5427A /* TaskListViewController */ = {
			isa = PBXGroup;
			children = (
				CE2E2AC92D6786720006B305 /* TaskListViewController.swift */,
				CE7C061F2D68D06400B5427A /* TaskListViewControllerProtocol.swift */,
			);
			path = TaskListViewController;
			sourceTree = "<group>";
		};
		CE7C06252D68D16E00B5427A /* TaskListInteractor */ = {
			isa = PBXGroup;
			children = (
				CE2E2B022D67A96E0006B305 /* TaskListInteractor.swift */,
				CE7C06262D68D18100B5427A /* TaskListInteractorProtocol.swift */,
			);
			path = TaskListInteractor;
			sourceTree = "<group>";
		};
		CE7C06282D68D1EB00B5427A /* DetailViewInteractor */ = {
			isa = PBXGroup;
			children = (
				CE7C06192D68CD0D00B5427A /* DetailViewInteractor.swift */,
				CE7C06292D68D20600B5427A /* DetailViewInteractorProtocol.swift */,
			);
			path = DetailViewInteractor;
			sourceTree = "<group>";
		};
		CE7C062B2D68D21600B5427A /* TaskListPresenter */ = {
			isa = PBXGroup;
			children = (
				CE2E2B042D67A9DC0006B305 /* TaskListPresenter.swift */,
				CE7C062C2D68D22400B5427A /* TaskListPresenterProtocol.swift */,
			);
			path = TaskListPresenter;
			sourceTree = "<group>";
		};
		CE7C062E2D68D23F00B5427A /* DetailViewPresenter */ = {
			isa = PBXGroup;
			children = (
				CE7C061B2D68CD3000B5427A /* DetailViewPresenter.swift */,
				CE7C062F2D68D24F00B5427A /* DetailViewPresenterProtocol.swift */,
			);
			path = DetailViewPresenter;
			sourceTree = "<group>";
		};
		CE7C06312D68D26100B5427A /* TaskListRouter */ = {
			isa = PBXGroup;
			children = (
				CE2E2B062D67A9EA0006B305 /* TaskListRouter.swift */,
				CE7C06322D68D26A00B5427A /* TaskListRouterProtocol.swift */,
			);
			path = TaskListRouter;
			sourceTree = "<group>";
		};
		CE7C06342D68D29A00B5427A /* DetailViewRouter */ = {
			isa = PBXGroup;
			children = (
				CE7C061D2D68CD3C00B5427A /* DetailViewRouter.swift */,
				CE7C06352D68D2AD00B5427A /* DetailViewRouterProtocol.swift */,
			);
			path = DetailViewRouter;
			sourceTree = "<group>";
		};
/* End PBXGroup section */

/* Begin PBXNativeTarget section */
		CE2E2A8A2D6786020006B305 /* ToDoList */ = {
			isa = PBXNativeTarget;
			buildConfigurationList = CE2E2AB72D6786060006B305 /* Build configuration list for PBXNativeTarget "ToDoList" */;
			buildPhases = (
				CE2E2A872D6786020006B305 /* Sources */,
				CE2E2A882D6786020006B305 /* Frameworks */,
				CE2E2A892D6786020006B305 /* Resources */,
			);
			buildRules = (
			);
			dependencies = (
			);
			name = ToDoList;
			packageProductDependencies = (
			);
			productName = ToDoList;
			productReference = CE2E2A8B2D6786020006B305 /* ToDoList.app */;
			productType = "com.apple.product-type.application";
		};
		CE2E2AA32D6786060006B305 /* ToDoListTests */ = {
			isa = PBXNativeTarget;
			buildConfigurationList = CE2E2ABC2D6786060006B305 /* Build configuration list for PBXNativeTarget "ToDoListTests" */;
			buildPhases = (
				CE2E2AA02D6786060006B305 /* Sources */,
				CE2E2AA12D6786060006B305 /* Frameworks */,
				CE2E2AA22D6786060006B305 /* Resources */,
			);
			buildRules = (
			);
			dependencies = (
				CE2E2AA62D6786060006B305 /* PBXTargetDependency */,
			);
			fileSystemSynchronizedGroups = (
				CE2E2AA72D6786060006B305 /* ToDoListTests */,
			);
			name = ToDoListTests;
			packageProductDependencies = (
			);
			productName = ToDoListTests;
			productReference = CE2E2AA42D6786060006B305 /* ToDoListTests.xctest */;
			productType = "com.apple.product-type.bundle.unit-test";
		};
		CE2E2AAD2D6786060006B305 /* ToDoListUITests */ = {
			isa = PBXNativeTarget;
			buildConfigurationList = CE2E2ABF2D6786060006B305 /* Build configuration list for PBXNativeTarget "ToDoListUITests" */;
			buildPhases = (
				CE2E2AAA2D6786060006B305 /* Sources */,
				CE2E2AAB2D6786060006B305 /* Frameworks */,
				CE2E2AAC2D6786060006B305 /* Resources */,
			);
			buildRules = (
			);
			dependencies = (
				CE2E2AB02D6786060006B305 /* PBXTargetDependency */,
			);
			fileSystemSynchronizedGroups = (
				CE2E2AB12D6786060006B305 /* ToDoListUITests */,
			);
			name = ToDoListUITests;
			packageProductDependencies = (
			);
			productName = ToDoListUITests;
			productReference = CE2E2AAE2D6786060006B305 /* ToDoListUITests.xctest */;
			productType = "com.apple.product-type.bundle.ui-testing";
		};
/* End PBXNativeTarget section */

/* Begin PBXProject section */
		CE2E2A832D6786020006B305 /* Project object */ = {
			isa = PBXProject;
			attributes = {
				BuildIndependentTargetsInParallel = 1;
				LastSwiftUpdateCheck = 1620;
				LastUpgradeCheck = 1620;
				TargetAttributes = {
					CE2E2A8A2D6786020006B305 = {
						CreatedOnToolsVersion = 16.2;
					};
					CE2E2AA32D6786060006B305 = {
						CreatedOnToolsVersion = 16.2;
						TestTargetID = CE2E2A8A2D6786020006B305;
					};
					CE2E2AAD2D6786060006B305 = {
						CreatedOnToolsVersion = 16.2;
						TestTargetID = CE2E2A8A2D6786020006B305;
					};
				};
			};
			buildConfigurationList = CE2E2A862D6786020006B305 /* Build configuration list for PBXProject "ToDoList" */;
			compatibilityVersion = "Xcode 15.0";
			developmentRegion = en;
			hasScannedForEncodings = 0;
			knownRegions = (
				en,
				Base,
			);
			mainGroup = CE2E2A822D6786020006B305;
			minimizedProjectReferenceProxies = 1;
			productRefGroup = CE2E2A8C2D6786020006B305 /* Products */;
			projectDirPath = "";
			projectRoot = "";
			targets = (
				CE2E2A8A2D6786020006B305 /* ToDoList */,
				CE2E2AA32D6786060006B305 /* ToDoListTests */,
				CE2E2AAD2D6786060006B305 /* ToDoListUITests */,
			);
		};
/* End PBXProject section */

/* Begin PBXResourcesBuildPhase section */
		CE2E2A892D6786020006B305 /* Resources */ = {
			isa = PBXResourcesBuildPhase;
			buildActionMask = 2147483647;
			files = (
				CE2E2ACC2D6786720006B305 /* Assets.xcassets in Resources */,
				CE2E2ACE2D6786720006B305 /* LaunchScreen.storyboard in Resources */,
			);
			runOnlyForDeploymentPostprocessing = 0;
		};
		CE2E2AA22D6786060006B305 /* Resources */ = {
			isa = PBXResourcesBuildPhase;
			buildActionMask = 2147483647;
			files = (
			);
			runOnlyForDeploymentPostprocessing = 0;
		};
		CE2E2AAC2D6786060006B305 /* Resources */ = {
			isa = PBXResourcesBuildPhase;
			buildActionMask = 2147483647;
			files = (
			);
			runOnlyForDeploymentPostprocessing = 0;
		};
/* End PBXResourcesBuildPhase section */

/* Begin PBXSourcesBuildPhase section */
		CE2E2A872D6786020006B305 /* Sources */ = {
			isa = PBXSourcesBuildPhase;
			buildActionMask = 2147483647;
			files = (
				CE7C062A2D68D20A00B5427A /* DetailViewInteractorProtocol.swift in Sources */,
				CE7C061E2D68CD4300B5427A /* DetailViewRouter.swift in Sources */,
				CE7C06202D68D07000B5427A /* TaskListViewControllerProtocol.swift in Sources */,
				CE7C06332D68D27000B5427A /* TaskListRouterProtocol.swift in Sources */,
				CE7C06182D68CA2200B5427A /* DetailViewController.swift in Sources */,
				CE2E2AE72D678BB00006B305 /* Task.swift in Sources */,
				CE2E2B052D67A9DC0006B305 /* TaskListPresenter.swift in Sources */,
				CE2E2ACF2D6786720006B305 /* AppDelegate.swift in Sources */,
				CE7C061C2D68CD3700B5427A /* DetailViewPresenter.swift in Sources */,
				CE7C061A2D68CD2800B5427A /* DetailViewInteractor.swift in Sources */,
				CE7C06272D68D18600B5427A /* TaskListInteractorProtocol.swift in Sources */,
				CE2E2B072D67A9EA0006B305 /* TaskListRouter.swift in Sources */,
				CE2E2B012D6796240006B305 /* APITasks.swift in Sources */,
				CE7C06302D68D25700B5427A /* DetailViewPresenterProtocol.swift in Sources */,
				CE2E2B032D67A96E0006B305 /* TaskListInteractor.swift in Sources */,
				CE2E2AD02D6786720006B305 /* SceneDelegate.swift in Sources */,
				CE2E2ADD2D6789E40006B305 /* NetworkManager.swift in Sources */,
				CE7C06222D68D0AE00B5427A /* DetailViewControllerProtocol.swift in Sources */,
				CE7C06362D68D2B100B5427A /* DetailViewRouterProtocol.swift in Sources */,
				CE2E2B0A2D67BCFB0006B305 /* TaskListsCell.swift in Sources */,
				CE2E2ADF2D6789F50006B305 /* StorageManager.swift in Sources */,
				CE7C062D2D68D22B00B5427A /* TaskListPresenterProtocol.swift in Sources */,
				CE2E2AD12D6786720006B305 /* TasksList.xcdatamodeld in Sources */,
				CE2E2AD22D6786720006B305 /* TaskListViewController.swift in Sources */,
			);
			runOnlyForDeploymentPostprocessing = 0;
		};
		CE2E2AA02D6786060006B305 /* Sources */ = {
			isa = PBXSourcesBuildPhase;
			buildActionMask = 2147483647;
			files = (
			);
			runOnlyForDeploymentPostprocessing = 0;
		};
		CE2E2AAA2D6786060006B305 /* Sources */ = {
			isa = PBXSourcesBuildPhase;
			buildActionMask = 2147483647;
			files = (
			);
			runOnlyForDeploymentPostprocessing = 0;
		};
/* End PBXSourcesBuildPhase section */

/* Begin PBXTargetDependency section */
		CE2E2AA62D6786060006B305 /* PBXTargetDependency */ = {
			isa = PBXTargetDependency;
			target = CE2E2A8A2D6786020006B305 /* ToDoList */;
			targetProxy = CE2E2AA52D6786060006B305 /* PBXContainerItemProxy */;
		};
		CE2E2AB02D6786060006B305 /* PBXTargetDependency */ = {
			isa = PBXTargetDependency;
			target = CE2E2A8A2D6786020006B305 /* ToDoList */;
			targetProxy = CE2E2AAF2D6786060006B305 /* PBXContainerItemProxy */;
		};
/* End PBXTargetDependency section */

/* Begin PBXVariantGroup section */
		CE2E2AC62D6786720006B305 /* LaunchScreen.storyboard */ = {
			isa = PBXVariantGroup;
			children = (
				CE2E2AC52D6786720006B305 /* Base */,
			);
			name = LaunchScreen.storyboard;
			sourceTree = "<group>";
		};
/* End PBXVariantGroup section */

/* Begin XCBuildConfiguration section */
		CE2E2AB82D6786060006B305 /* Debug */ = {
			isa = XCBuildConfiguration;
			buildSettings = {
				ASSETCATALOG_COMPILER_APPICON_NAME = AppIcon;
				ASSETCATALOG_COMPILER_GLOBAL_ACCENT_COLOR_NAME = AccentColor;
				CODE_SIGN_STYLE = Automatic;
				CURRENT_PROJECT_VERSION = 1;
				DEVELOPMENT_TEAM = 24Q9WM75S6;
				GENERATE_INFOPLIST_FILE = YES;
				INFOPLIST_FILE = ToDoList/App/Info.plist;
				INFOPLIST_KEY_UIApplicationSupportsIndirectInputEvents = YES;
				INFOPLIST_KEY_UILaunchStoryboardName = LaunchScreen;
				INFOPLIST_KEY_UISupportedInterfaceOrientations = UIInterfaceOrientationPortrait;
				INFOPLIST_KEY_UISupportedInterfaceOrientations_iPad = "UIInterfaceOrientationLandscapeLeft UIInterfaceOrientationLandscapeRight UIInterfaceOrientationPortrait UIInterfaceOrientationPortraitUpsideDown";
				IPHONEOS_DEPLOYMENT_TARGET = 17.0;
				LD_RUNPATH_SEARCH_PATHS = (
					"$(inherited)",
					"@executable_path/Frameworks",
				);
				MARKETING_VERSION = 1.0;
				PRODUCT_BUNDLE_IDENTIFIER = AlexHalushko.ToDoList;
				PRODUCT_NAME = "$(TARGET_NAME)";
				SUPPORTED_PLATFORMS = "iphoneos iphonesimulator";
				SUPPORTS_MACCATALYST = NO;
				SUPPORTS_MAC_DESIGNED_FOR_IPHONE_IPAD = NO;
				SUPPORTS_XR_DESIGNED_FOR_IPHONE_IPAD = NO;
				SWIFT_EMIT_LOC_STRINGS = YES;
				SWIFT_VERSION = 5.0;
				TARGETED_DEVICE_FAMILY = 1;
			};
			name = Debug;
		};
		CE2E2AB92D6786060006B305 /* Release */ = {
			isa = XCBuildConfiguration;
			buildSettings = {
				ASSETCATALOG_COMPILER_APPICON_NAME = AppIcon;
				ASSETCATALOG_COMPILER_GLOBAL_ACCENT_COLOR_NAME = AccentColor;
				CODE_SIGN_STYLE = Automatic;
				CURRENT_PROJECT_VERSION = 1;
				DEVELOPMENT_TEAM = 24Q9WM75S6;
				GENERATE_INFOPLIST_FILE = YES;
				INFOPLIST_FILE = ToDoList/App/Info.plist;
				INFOPLIST_KEY_UIApplicationSupportsIndirectInputEvents = YES;
				INFOPLIST_KEY_UILaunchStoryboardName = LaunchScreen;
				INFOPLIST_KEY_UISupportedInterfaceOrientations = UIInterfaceOrientationPortrait;
				INFOPLIST_KEY_UISupportedInterfaceOrientations_iPad = "UIInterfaceOrientationLandscapeLeft UIInterfaceOrientationLandscapeRight UIInterfaceOrientationPortrait UIInterfaceOrientationPortraitUpsideDown";
				IPHONEOS_DEPLOYMENT_TARGET = 17.0;
				LD_RUNPATH_SEARCH_PATHS = (
					"$(inherited)",
					"@executable_path/Frameworks",
				);
				MARKETING_VERSION = 1.0;
				PRODUCT_BUNDLE_IDENTIFIER = AlexHalushko.ToDoList;
				PRODUCT_NAME = "$(TARGET_NAME)";
				SUPPORTED_PLATFORMS = "iphoneos iphonesimulator";
				SUPPORTS_MACCATALYST = NO;
				SUPPORTS_MAC_DESIGNED_FOR_IPHONE_IPAD = NO;
				SUPPORTS_XR_DESIGNED_FOR_IPHONE_IPAD = NO;
				SWIFT_EMIT_LOC_STRINGS = YES;
				SWIFT_VERSION = 5.0;
				TARGETED_DEVICE_FAMILY = 1;
			};
			name = Release;
		};
		CE2E2ABA2D6786060006B305 /* Debug */ = {
			isa = XCBuildConfiguration;
			buildSettings = {
				ALWAYS_SEARCH_USER_PATHS = NO;
				ASSETCATALOG_COMPILER_GENERATE_SWIFT_ASSET_SYMBOL_EXTENSIONS = YES;
				CLANG_ANALYZER_NONNULL = YES;
				CLANG_ANALYZER_NUMBER_OBJECT_CONVERSION = YES_AGGRESSIVE;
				CLANG_CXX_LANGUAGE_STANDARD = "gnu++20";
				CLANG_ENABLE_MODULES = YES;
				CLANG_ENABLE_OBJC_ARC = YES;
				CLANG_ENABLE_OBJC_WEAK = YES;
				CLANG_WARN_BLOCK_CAPTURE_AUTORELEASING = YES;
				CLANG_WARN_BOOL_CONVERSION = YES;
				CLANG_WARN_COMMA = YES;
				CLANG_WARN_CONSTANT_CONVERSION = YES;
				CLANG_WARN_DEPRECATED_OBJC_IMPLEMENTATIONS = YES;
				CLANG_WARN_DIRECT_OBJC_ISA_USAGE = YES_ERROR;
				CLANG_WARN_DOCUMENTATION_COMMENTS = YES;
				CLANG_WARN_EMPTY_BODY = YES;
				CLANG_WARN_ENUM_CONVERSION = YES;
				CLANG_WARN_INFINITE_RECURSION = YES;
				CLANG_WARN_INT_CONVERSION = YES;
				CLANG_WARN_NON_LITERAL_NULL_CONVERSION = YES;
				CLANG_WARN_OBJC_IMPLICIT_RETAIN_SELF = YES;
				CLANG_WARN_OBJC_LITERAL_CONVERSION = YES;
				CLANG_WARN_OBJC_ROOT_CLASS = YES_ERROR;
				CLANG_WARN_QUOTED_INCLUDE_IN_FRAMEWORK_HEADER = YES;
				CLANG_WARN_RANGE_LOOP_ANALYSIS = YES;
				CLANG_WARN_STRICT_PROTOTYPES = YES;
				CLANG_WARN_SUSPICIOUS_MOVE = YES;
				CLANG_WARN_UNGUARDED_AVAILABILITY = YES_AGGRESSIVE;
				CLANG_WARN_UNREACHABLE_CODE = YES;
				CLANG_WARN__DUPLICATE_METHOD_MATCH = YES;
				COPY_PHASE_STRIP = NO;
				DEBUG_INFORMATION_FORMAT = dwarf;
				ENABLE_STRICT_OBJC_MSGSEND = YES;
				ENABLE_TESTABILITY = YES;
				ENABLE_USER_SCRIPT_SANDBOXING = YES;
				GCC_C_LANGUAGE_STANDARD = gnu17;
				GCC_DYNAMIC_NO_PIC = NO;
				GCC_NO_COMMON_BLOCKS = YES;
				GCC_OPTIMIZATION_LEVEL = 0;
				GCC_PREPROCESSOR_DEFINITIONS = (
					"DEBUG=1",
					"$(inherited)",
				);
				GCC_WARN_64_TO_32_BIT_CONVERSION = YES;
				GCC_WARN_ABOUT_RETURN_TYPE = YES_ERROR;
				GCC_WARN_UNDECLARED_SELECTOR = YES;
				GCC_WARN_UNINITIALIZED_AUTOS = YES_AGGRESSIVE;
				GCC_WARN_UNUSED_FUNCTION = YES;
				GCC_WARN_UNUSED_VARIABLE = YES;
				IPHONEOS_DEPLOYMENT_TARGET = 18.2;
				LOCALIZATION_PREFERS_STRING_CATALOGS = YES;
				MTL_ENABLE_DEBUG_INFO = INCLUDE_SOURCE;
				MTL_FAST_MATH = YES;
				ONLY_ACTIVE_ARCH = YES;
				SDKROOT = iphoneos;
				SWIFT_ACTIVE_COMPILATION_CONDITIONS = "DEBUG $(inherited)";
				SWIFT_OPTIMIZATION_LEVEL = "-Onone";
			};
			name = Debug;
		};
		CE2E2ABB2D6786060006B305 /* Release */ = {
			isa = XCBuildConfiguration;
			buildSettings = {
				ALWAYS_SEARCH_USER_PATHS = NO;
				ASSETCATALOG_COMPILER_GENERATE_SWIFT_ASSET_SYMBOL_EXTENSIONS = YES;
				CLANG_ANALYZER_NONNULL = YES;
				CLANG_ANALYZER_NUMBER_OBJECT_CONVERSION = YES_AGGRESSIVE;
				CLANG_CXX_LANGUAGE_STANDARD = "gnu++20";
				CLANG_ENABLE_MODULES = YES;
				CLANG_ENABLE_OBJC_ARC = YES;
				CLANG_ENABLE_OBJC_WEAK = YES;
				CLANG_WARN_BLOCK_CAPTURE_AUTORELEASING = YES;
				CLANG_WARN_BOOL_CONVERSION = YES;
				CLANG_WARN_COMMA = YES;
				CLANG_WARN_CONSTANT_CONVERSION = YES;
				CLANG_WARN_DEPRECATED_OBJC_IMPLEMENTATIONS = YES;
				CLANG_WARN_DIRECT_OBJC_ISA_USAGE = YES_ERROR;
				CLANG_WARN_DOCUMENTATION_COMMENTS = YES;
				CLANG_WARN_EMPTY_BODY = YES;
				CLANG_WARN_ENUM_CONVERSION = YES;
				CLANG_WARN_INFINITE_RECURSION = YES;
				CLANG_WARN_INT_CONVERSION = YES;
				CLANG_WARN_NON_LITERAL_NULL_CONVERSION = YES;
				CLANG_WARN_OBJC_IMPLICIT_RETAIN_SELF = YES;
				CLANG_WARN_OBJC_LITERAL_CONVERSION = YES;
				CLANG_WARN_OBJC_ROOT_CLASS = YES_ERROR;
				CLANG_WARN_QUOTED_INCLUDE_IN_FRAMEWORK_HEADER = YES;
				CLANG_WARN_RANGE_LOOP_ANALYSIS = YES;
				CLANG_WARN_STRICT_PROTOTYPES = YES;
				CLANG_WARN_SUSPICIOUS_MOVE = YES;
				CLANG_WARN_UNGUARDED_AVAILABILITY = YES_AGGRESSIVE;
				CLANG_WARN_UNREACHABLE_CODE = YES;
				CLANG_WARN__DUPLICATE_METHOD_MATCH = YES;
				COPY_PHASE_STRIP = NO;
				DEBUG_INFORMATION_FORMAT = "dwarf-with-dsym";
				ENABLE_NS_ASSERTIONS = NO;
				ENABLE_STRICT_OBJC_MSGSEND = YES;
				ENABLE_USER_SCRIPT_SANDBOXING = YES;
				GCC_C_LANGUAGE_STANDARD = gnu17;
				GCC_NO_COMMON_BLOCKS = YES;
				GCC_WARN_64_TO_32_BIT_CONVERSION = YES;
				GCC_WARN_ABOUT_RETURN_TYPE = YES_ERROR;
				GCC_WARN_UNDECLARED_SELECTOR = YES;
				GCC_WARN_UNINITIALIZED_AUTOS = YES_AGGRESSIVE;
				GCC_WARN_UNUSED_FUNCTION = YES;
				GCC_WARN_UNUSED_VARIABLE = YES;
				IPHONEOS_DEPLOYMENT_TARGET = 18.2;
				LOCALIZATION_PREFERS_STRING_CATALOGS = YES;
				MTL_ENABLE_DEBUG_INFO = NO;
				MTL_FAST_MATH = YES;
				SDKROOT = iphoneos;
				SWIFT_COMPILATION_MODE = wholemodule;
				VALIDATE_PRODUCT = YES;
			};
			name = Release;
		};
		CE2E2ABD2D6786060006B305 /* Debug */ = {
			isa = XCBuildConfiguration;
			buildSettings = {
				BUNDLE_LOADER = "$(TEST_HOST)";
				CODE_SIGN_STYLE = Automatic;
				CURRENT_PROJECT_VERSION = 1;
				DEVELOPMENT_TEAM = 24Q9WM75S6;
				GENERATE_INFOPLIST_FILE = YES;
				IPHONEOS_DEPLOYMENT_TARGET = 17.0;
				MARKETING_VERSION = 1.0;
				PRODUCT_BUNDLE_IDENTIFIER = AlexHalushko.ToDoListTests;
				PRODUCT_NAME = "$(TARGET_NAME)";
				SUPPORTED_PLATFORMS = "iphoneos iphonesimulator";
				SUPPORTS_MACCATALYST = NO;
				SUPPORTS_MAC_DESIGNED_FOR_IPHONE_IPAD = NO;
				SUPPORTS_XR_DESIGNED_FOR_IPHONE_IPAD = NO;
				SWIFT_EMIT_LOC_STRINGS = NO;
				SWIFT_VERSION = 5.0;
				TARGETED_DEVICE_FAMILY = 1;
				TEST_HOST = "$(BUILT_PRODUCTS_DIR)/ToDoList.app/$(BUNDLE_EXECUTABLE_FOLDER_PATH)/ToDoList";
			};
			name = Debug;
		};
		CE2E2ABE2D6786060006B305 /* Release */ = {
			isa = XCBuildConfiguration;
			buildSettings = {
				BUNDLE_LOADER = "$(TEST_HOST)";
				CODE_SIGN_STYLE = Automatic;
				CURRENT_PROJECT_VERSION = 1;
				DEVELOPMENT_TEAM = 24Q9WM75S6;
				GENERATE_INFOPLIST_FILE = YES;
				IPHONEOS_DEPLOYMENT_TARGET = 17.0;
				MARKETING_VERSION = 1.0;
				PRODUCT_BUNDLE_IDENTIFIER = AlexHalushko.ToDoListTests;
				PRODUCT_NAME = "$(TARGET_NAME)";
				SUPPORTED_PLATFORMS = "iphoneos iphonesimulator";
				SUPPORTS_MACCATALYST = NO;
				SUPPORTS_MAC_DESIGNED_FOR_IPHONE_IPAD = NO;
				SUPPORTS_XR_DESIGNED_FOR_IPHONE_IPAD = NO;
				SWIFT_EMIT_LOC_STRINGS = NO;
				SWIFT_VERSION = 5.0;
				TARGETED_DEVICE_FAMILY = 1;
				TEST_HOST = "$(BUILT_PRODUCTS_DIR)/ToDoList.app/$(BUNDLE_EXECUTABLE_FOLDER_PATH)/ToDoList";
			};
			name = Release;
		};
		CE2E2AC02D6786060006B305 /* Debug */ = {
			isa = XCBuildConfiguration;
			buildSettings = {
				CODE_SIGN_STYLE = Automatic;
				CURRENT_PROJECT_VERSION = 1;
				DEVELOPMENT_TEAM = 24Q9WM75S6;
				GENERATE_INFOPLIST_FILE = YES;
				IPHONEOS_DEPLOYMENT_TARGET = 17.0;
				MARKETING_VERSION = 1.0;
				PRODUCT_BUNDLE_IDENTIFIER = AlexHalushko.ToDoListUITests;
				PRODUCT_NAME = "$(TARGET_NAME)";
				SUPPORTED_PLATFORMS = "iphoneos iphonesimulator";
				SUPPORTS_MACCATALYST = NO;
				SUPPORTS_MAC_DESIGNED_FOR_IPHONE_IPAD = NO;
				SUPPORTS_XR_DESIGNED_FOR_IPHONE_IPAD = NO;
				SWIFT_EMIT_LOC_STRINGS = NO;
				SWIFT_VERSION = 5.0;
				TARGETED_DEVICE_FAMILY = 1;
				TEST_TARGET_NAME = ToDoList;
			};
			name = Debug;
		};
		CE2E2AC12D6786060006B305 /* Release */ = {
			isa = XCBuildConfiguration;
			buildSettings = {
				CODE_SIGN_STYLE = Automatic;
				CURRENT_PROJECT_VERSION = 1;
				DEVELOPMENT_TEAM = 24Q9WM75S6;
				GENERATE_INFOPLIST_FILE = YES;
				IPHONEOS_DEPLOYMENT_TARGET = 17.0;
				MARKETING_VERSION = 1.0;
				PRODUCT_BUNDLE_IDENTIFIER = AlexHalushko.ToDoListUITests;
				PRODUCT_NAME = "$(TARGET_NAME)";
				SUPPORTED_PLATFORMS = "iphoneos iphonesimulator";
				SUPPORTS_MACCATALYST = NO;
				SUPPORTS_MAC_DESIGNED_FOR_IPHONE_IPAD = NO;
				SUPPORTS_XR_DESIGNED_FOR_IPHONE_IPAD = NO;
				SWIFT_EMIT_LOC_STRINGS = NO;
				SWIFT_VERSION = 5.0;
				TARGETED_DEVICE_FAMILY = 1;
				TEST_TARGET_NAME = ToDoList;
			};
			name = Release;
		};
/* End XCBuildConfiguration section */

/* Begin XCConfigurationList section */
		CE2E2A862D6786020006B305 /* Build configuration list for PBXProject "ToDoList" */ = {
			isa = XCConfigurationList;
			buildConfigurations = (
				CE2E2ABA2D6786060006B305 /* Debug */,
				CE2E2ABB2D6786060006B305 /* Release */,
			);
			defaultConfigurationIsVisible = 0;
			defaultConfigurationName = Release;
		};
		CE2E2AB72D6786060006B305 /* Build configuration list for PBXNativeTarget "ToDoList" */ = {
			isa = XCConfigurationList;
			buildConfigurations = (
				CE2E2AB82D6786060006B305 /* Debug */,
				CE2E2AB92D6786060006B305 /* Release */,
			);
			defaultConfigurationIsVisible = 0;
			defaultConfigurationName = Release;
		};
		CE2E2ABC2D6786060006B305 /* Build configuration list for PBXNativeTarget "ToDoListTests" */ = {
			isa = XCConfigurationList;
			buildConfigurations = (
				CE2E2ABD2D6786060006B305 /* Debug */,
				CE2E2ABE2D6786060006B305 /* Release */,
			);
			defaultConfigurationIsVisible = 0;
			defaultConfigurationName = Release;
		};
		CE2E2ABF2D6786060006B305 /* Build configuration list for PBXNativeTarget "ToDoListUITests" */ = {
			isa = XCConfigurationList;
			buildConfigurations = (
				CE2E2AC02D6786060006B305 /* Debug */,
				CE2E2AC12D6786060006B305 /* Release */,
			);
			defaultConfigurationIsVisible = 0;
			defaultConfigurationName = Release;
		};
/* End XCConfigurationList section */

/* Begin XCVersionGroup section */
		CE2E2AC82D6786720006B305 /* TasksList.xcdatamodeld */ = {
			isa = XCVersionGroup;
			children = (
				CE2E2ACB2D6786720006B305 /* TasksList.xcdatamodel */,
			);
			currentVersion = CE2E2ACB2D6786720006B305 /* TasksList.xcdatamodel */;
			path = TasksList.xcdatamodeld;
			sourceTree = "<group>";
			versionGroupType = wrapper.xcdatamodel;
		};
/* End XCVersionGroup section */
	};
	rootObject = CE2E2A832D6786020006B305 /* Project object */;
}
